// !$*UTF8*$!
{
	archiveVersion = 1;
	classes = {
	};
	objectVersion = 46;
	objects = {

/* Begin PBXBuildFile section */
		96044AC31D3589B90097D096 /* CGFloat+Extensions.swift in Sources */ = {isa = PBXBuildFile; fileRef = 96044AB71D3589B90097D096 /* CGFloat+Extensions.swift */; };
		96044AC41D3589B90097D096 /* CGPoint+Extensions.swift in Sources */ = {isa = PBXBuildFile; fileRef = 96044AB81D3589B90097D096 /* CGPoint+Extensions.swift */; };
		96044AC51D3589B90097D096 /* CGVector+Extensions.swift in Sources */ = {isa = PBXBuildFile; fileRef = 96044AB91D3589B90097D096 /* CGVector+Extensions.swift */; };
		96044AC61D3589B90097D096 /* Int+Extensions.swift in Sources */ = {isa = PBXBuildFile; fileRef = 96044ABA1D3589B90097D096 /* Int+Extensions.swift */; };
		96044AC71D3589B90097D096 /* SKAction+Extensions.swift in Sources */ = {isa = PBXBuildFile; fileRef = 96044ABB1D3589B90097D096 /* SKAction+Extensions.swift */; };
		96044AC81D3589B90097D096 /* SKAction+SpecialEffects.swift in Sources */ = {isa = PBXBuildFile; fileRef = 96044ABC1D3589B90097D096 /* SKAction+SpecialEffects.swift */; };
		96044AC91D3589B90097D096 /* SKColor+Extensions.swift in Sources */ = {isa = PBXBuildFile; fileRef = 96044ABD1D3589B90097D096 /* SKColor+Extensions.swift */; };
		96044ACA1D3589B90097D096 /* SKNode+Extensions.swift in Sources */ = {isa = PBXBuildFile; fileRef = 96044ABE1D3589B90097D096 /* SKNode+Extensions.swift */; };
		96044ACB1D3589B90097D096 /* SKTAudio.swift in Sources */ = {isa = PBXBuildFile; fileRef = 96044ABF1D3589B90097D096 /* SKTAudio.swift */; };
		96044ACC1D3589B90097D096 /* SKTEffects.swift in Sources */ = {isa = PBXBuildFile; fileRef = 96044AC01D3589B90097D096 /* SKTEffects.swift */; };
		96044ACD1D3589B90097D096 /* SKTTimingFunctions.swift in Sources */ = {isa = PBXBuildFile; fileRef = 96044AC11D3589B90097D096 /* SKTTimingFunctions.swift */; };
		96044ACE1D3589B90097D096 /* Vector3.swift in Sources */ = {isa = PBXBuildFile; fileRef = 96044AC21D3589B90097D096 /* Vector3.swift */; };
		96044AD01D3598330097D096 /* StageH.swift in Sources */ = {isa = PBXBuildFile; fileRef = 96044ACF1D3598330097D096 /* StageH.swift */; };
		96044AD21D35C53F0097D096 /* StageV.swift in Sources */ = {isa = PBXBuildFile; fileRef = 96044AD11D35C53F0097D096 /* StageV.swift */; };
		96044AD51D35EBDD0097D096 /* MSButtonNode.swift in Sources */ = {isa = PBXBuildFile; fileRef = 96044AD31D35EBDD0097D096 /* MSButtonNode.swift */; };
		96044AD61D35EBDD0097D096 /* MSReferenceNode.swift in Sources */ = {isa = PBXBuildFile; fileRef = 96044AD41D35EBDD0097D096 /* MSReferenceNode.swift */; };
		9634EEF01D55D75D0015E053 /* Default-568h@2x.png in Resources */ = {isa = PBXBuildFile; fileRef = 9634EEEF1D55D75D0015E053 /* Default-568h@2x.png */; };
		9634EEF11D55DC1F0015E053 /*  in Resources */ = {isa = PBXBuildFile; fileRef = 96492F381D318CE6004F887C /*  */; };
		9634EEF21D55DE230015E053 /* CoreMotion.framework in Frameworks */ = {isa = PBXBuildFile; fileRef = 9640E2831D5554B400719E7F /* CoreMotion.framework */; };
		9634EEF31D55DE2E0015E053 /* UIKit.framework in Frameworks */ = {isa = PBXBuildFile; fileRef = 9640E2811D5554AD00719E7F /* UIKit.framework */; };
		9634EEF41D55DE380015E053 /* CoreGraphics.framework in Frameworks */ = {isa = PBXBuildFile; fileRef = 9640E27F1D5554A100719E7F /* CoreGraphics.framework */; };
		9634EEF51D55DE430015E053 /* Foundation.framework in Frameworks */ = {isa = PBXBuildFile; fileRef = 9640E27D1D55549200719E7F /* Foundation.framework */; };
		9634EEF61D55DE4E0015E053 /* StoreKit.framework in Frameworks */ = {isa = PBXBuildFile; fileRef = 9640E27B1D55548600719E7F /* StoreKit.framework */; };
		9634EEFB1D55EE240015E053 /* bloctorials.app in Resources */ = {isa = PBXBuildFile; fileRef = 96492F251D318CE6004F887C /* bloctorials.app */; };
		9640E2701D514DF000719E7F /* Title.swift in Sources */ = {isa = PBXBuildFile; fileRef = 9640E26F1D514DF000719E7F /* Title.swift */; };
		96492F291D318CE6004F887C /* AppDelegate.swift in Sources */ = {isa = PBXBuildFile; fileRef = 96492F281D318CE6004F887C /* AppDelegate.swift */; };
		96492F2B1D318CE6004F887C /* GameScene.sks in Resources */ = {isa = PBXBuildFile; fileRef = 96492F2A1D318CE6004F887C /* GameScene.sks */; };
		96492F2D1D318CE6004F887C /* GameScene.swift in Sources */ = {isa = PBXBuildFile; fileRef = 96492F2C1D318CE6004F887C /* GameScene.swift */; };
		96492F2F1D318CE6004F887C /* GameViewController.swift in Sources */ = {isa = PBXBuildFile; fileRef = 96492F2E1D318CE6004F887C /* GameViewController.swift */; };
		96492F321D318CE6004F887C /* Main.storyboard in Resources */ = {isa = PBXBuildFile; fileRef = 96492F301D318CE6004F887C /* Main.storyboard */; };
		96492F341D318CE6004F887C /* Assets.xcassets in Resources */ = {isa = PBXBuildFile; fileRef = 96492F331D318CE6004F887C /* Assets.xcassets */; };
		96492F371D318CE6004F887C /* LaunchScreen.storyboard in Resources */ = {isa = PBXBuildFile; fileRef = 96492F351D318CE6004F887C /* LaunchScreen.storyboard */; };
		96492F421D318CE6004F887C /* bloctorialsTests.swift in Sources */ = {isa = PBXBuildFile; fileRef = 96492F411D318CE6004F887C /* bloctorialsTests.swift */; };
		96492F4D1D318CE6004F887C /* bloctorialsUITests.swift in Sources */ = {isa = PBXBuildFile; fileRef = 96492F4C1D318CE6004F887C /* bloctorialsUITests.swift */; };
		96492F5B1D318E8F004F887C /* Grid.swift in Sources */ = {isa = PBXBuildFile; fileRef = 96492F5A1D318E8F004F887C /* Grid.swift */; };
		96492F6E1D31BC7E004F887C /* Block.swift in Sources */ = {isa = PBXBuildFile; fileRef = 96492F6D1D31BC7E004F887C /* Block.swift */; };
		96498EBD1D5142DF0057B54C /* Title.sks in Resources */ = {isa = PBXBuildFile; fileRef = 96498EBC1D5142DF0057B54C /* Title.sks */; };
		96518AFD1D49831900BEB2FA /* clearDot.wav in Resources */ = {isa = PBXBuildFile; fileRef = 96518AFC1D49831900BEB2FA /* clearDot.wav */; };
		968914431D41461F00CD2AD6 /* UIColorExt.swift in Sources */ = {isa = PBXBuildFile; fileRef = 968914421D41461F00CD2AD6 /* UIColorExt.swift */; };
		968914471D41529500CD2AD6 /* ASAttributedLabelNode.swift in Sources */ = {isa = PBXBuildFile; fileRef = 968914461D41529500CD2AD6 /* ASAttributedLabelNode.swift */; };
		968914501D4828FB00CD2AD6 /* clearRow.caf in Resources */ = {isa = PBXBuildFile; fileRef = 9689144F1D4828FB00CD2AD6 /* clearRow.caf */; };
		968ABF101D4FF40D00776165 /* SwiftyUserDefaults.swift in Sources */ = {isa = PBXBuildFile; fileRef = 968ABF0F1D4FF40D00776165 /* SwiftyUserDefaults.swift */; };
		968ABF141D4FFE2900776165 /* GameManager.swift in Sources */ = {isa = PBXBuildFile; fileRef = 968ABF131D4FFE2900776165 /* GameManager.swift */; };
		96CF7FE01D4C0F070096DEF3 /* switch33.wav in Resources */ = {isa = PBXBuildFile; fileRef = 96CF7FDD1D4C0F070096DEF3 /* switch33.wav */; };
		96CF7FE11D4C0F070096DEF3 /* switch34.wav in Resources */ = {isa = PBXBuildFile; fileRef = 96CF7FDE1D4C0F070096DEF3 /* switch34.wav */; };
		96CF7FE21D4C0F070096DEF3 /* switch38.wav in Resources */ = {isa = PBXBuildFile; fileRef = 96CF7FDF1D4C0F070096DEF3 /* switch38.wav */; };
		96CF7FE61D4C0F300096DEF3 /* click1.wav in Resources */ = {isa = PBXBuildFile; fileRef = 96CF7FE31D4C0F300096DEF3 /* click1.wav */; };
		96CF7FE71D4C0F300096DEF3 /* click2.wav in Resources */ = {isa = PBXBuildFile; fileRef = 96CF7FE41D4C0F300096DEF3 /* click2.wav */; };
		96CF7FE81D4C0F300096DEF3 /* click3.wav in Resources */ = {isa = PBXBuildFile; fileRef = 96CF7FE51D4C0F300096DEF3 /* click3.wav */; };
		96CF7FEA1D4C10BC0096DEF3 /* whoosh.wav in Resources */ = {isa = PBXBuildFile; fileRef = 96CF7FE91D4C10BC0096DEF3 /* whoosh.wav */; };
		96F3A4491D3E9EB900DD41D8 /* Snippets.swift in Sources */ = {isa = PBXBuildFile; fileRef = 96F3A4481D3E9EB900DD41D8 /* Snippets.swift */; };
/* End PBXBuildFile section */

/* Begin PBXContainerItemProxy section */
		96492F3E1D318CE6004F887C /* PBXContainerItemProxy */ = {
			isa = PBXContainerItemProxy;
			containerPortal = 96492F1D1D318CE6004F887C /* Project object */;
			proxyType = 1;
			remoteGlobalIDString = 96492F241D318CE6004F887C;
			remoteInfo = bloctorials;
		};
		96492F491D318CE6004F887C /* PBXContainerItemProxy */ = {
			isa = PBXContainerItemProxy;
			containerPortal = 96492F1D1D318CE6004F887C /* Project object */;
			proxyType = 1;
			remoteGlobalIDString = 96492F241D318CE6004F887C;
			remoteInfo = bloctorials;
		};
/* End PBXContainerItemProxy section */

/* Begin PBXFileReference section */
		96044AB71D3589B90097D096 /* CGFloat+Extensions.swift */ = {isa = PBXFileReference; fileEncoding = 4; lastKnownFileType = sourcecode.swift; path = "CGFloat+Extensions.swift"; sourceTree = "<group>"; };
		96044AB81D3589B90097D096 /* CGPoint+Extensions.swift */ = {isa = PBXFileReference; fileEncoding = 4; lastKnownFileType = sourcecode.swift; path = "CGPoint+Extensions.swift"; sourceTree = "<group>"; };
		96044AB91D3589B90097D096 /* CGVector+Extensions.swift */ = {isa = PBXFileReference; fileEncoding = 4; lastKnownFileType = sourcecode.swift; path = "CGVector+Extensions.swift"; sourceTree = "<group>"; };
		96044ABA1D3589B90097D096 /* Int+Extensions.swift */ = {isa = PBXFileReference; fileEncoding = 4; lastKnownFileType = sourcecode.swift; path = "Int+Extensions.swift"; sourceTree = "<group>"; };
		96044ABB1D3589B90097D096 /* SKAction+Extensions.swift */ = {isa = PBXFileReference; fileEncoding = 4; lastKnownFileType = sourcecode.swift; path = "SKAction+Extensions.swift"; sourceTree = "<group>"; };
		96044ABC1D3589B90097D096 /* SKAction+SpecialEffects.swift */ = {isa = PBXFileReference; fileEncoding = 4; lastKnownFileType = sourcecode.swift; path = "SKAction+SpecialEffects.swift"; sourceTree = "<group>"; };
		96044ABD1D3589B90097D096 /* SKColor+Extensions.swift */ = {isa = PBXFileReference; fileEncoding = 4; lastKnownFileType = sourcecode.swift; path = "SKColor+Extensions.swift"; sourceTree = "<group>"; };
		96044ABE1D3589B90097D096 /* SKNode+Extensions.swift */ = {isa = PBXFileReference; fileEncoding = 4; lastKnownFileType = sourcecode.swift; path = "SKNode+Extensions.swift"; sourceTree = "<group>"; };
		96044ABF1D3589B90097D096 /* SKTAudio.swift */ = {isa = PBXFileReference; fileEncoding = 4; lastKnownFileType = sourcecode.swift; path = SKTAudio.swift; sourceTree = "<group>"; };
		96044AC01D3589B90097D096 /* SKTEffects.swift */ = {isa = PBXFileReference; fileEncoding = 4; lastKnownFileType = sourcecode.swift; path = SKTEffects.swift; sourceTree = "<group>"; };
		96044AC11D3589B90097D096 /* SKTTimingFunctions.swift */ = {isa = PBXFileReference; fileEncoding = 4; lastKnownFileType = sourcecode.swift; path = SKTTimingFunctions.swift; sourceTree = "<group>"; };
		96044AC21D3589B90097D096 /* Vector3.swift */ = {isa = PBXFileReference; fileEncoding = 4; lastKnownFileType = sourcecode.swift; path = Vector3.swift; sourceTree = "<group>"; };
		96044ACF1D3598330097D096 /* StageH.swift */ = {isa = PBXFileReference; fileEncoding = 4; lastKnownFileType = sourcecode.swift; lineEnding = 0; path = StageH.swift; sourceTree = "<group>"; };
		96044AD11D35C53F0097D096 /* StageV.swift */ = {isa = PBXFileReference; fileEncoding = 4; lastKnownFileType = sourcecode.swift; lineEnding = 0; path = StageV.swift; sourceTree = "<group>"; };
		96044AD31D35EBDD0097D096 /* MSButtonNode.swift */ = {isa = PBXFileReference; fileEncoding = 4; lastKnownFileType = sourcecode.swift; path = MSButtonNode.swift; sourceTree = "<group>"; };
		96044AD41D35EBDD0097D096 /* MSReferenceNode.swift */ = {isa = PBXFileReference; fileEncoding = 4; lastKnownFileType = sourcecode.swift; path = MSReferenceNode.swift; sourceTree = "<group>"; };
		9634EEEF1D55D75D0015E053 /* Default-568h@2x.png */ = {isa = PBXFileReference; lastKnownFileType = image.png; path = "Default-568h@2x.png"; sourceTree = "<group>"; };
		9640E26F1D514DF000719E7F /* Title.swift */ = {isa = PBXFileReference; fileEncoding = 4; lastKnownFileType = sourcecode.swift; lineEnding = 0; path = Title.swift; sourceTree = "<group>"; };
		9640E2791D55545100719E7F /* Chartboost.framework */ = {isa = PBXFileReference; lastKnownFileType = wrapper.framework; path = Chartboost.framework; sourceTree = "<group>"; };
		9640E27B1D55548600719E7F /* StoreKit.framework */ = {isa = PBXFileReference; lastKnownFileType = wrapper.framework; name = StoreKit.framework; path = System/Library/Frameworks/StoreKit.framework; sourceTree = SDKROOT; };
		9640E27D1D55549200719E7F /* Foundation.framework */ = {isa = PBXFileReference; lastKnownFileType = wrapper.framework; name = Foundation.framework; path = System/Library/Frameworks/Foundation.framework; sourceTree = SDKROOT; };
		9640E27F1D5554A100719E7F /* CoreGraphics.framework */ = {isa = PBXFileReference; lastKnownFileType = wrapper.framework; name = CoreGraphics.framework; path = System/Library/Frameworks/CoreGraphics.framework; sourceTree = SDKROOT; };
		9640E2811D5554AD00719E7F /* UIKit.framework */ = {isa = PBXFileReference; lastKnownFileType = wrapper.framework; name = UIKit.framework; path = System/Library/Frameworks/UIKit.framework; sourceTree = SDKROOT; };
		9640E2831D5554B400719E7F /* CoreMotion.framework */ = {isa = PBXFileReference; lastKnownFileType = wrapper.framework; name = CoreMotion.framework; path = System/Library/Frameworks/CoreMotion.framework; sourceTree = SDKROOT; };
		96492F251D318CE6004F887C /* bloctorials.app */ = {isa = PBXFileReference; explicitFileType = wrapper.application; includeInIndex = 0; path = bloctorials.app; sourceTree = BUILT_PRODUCTS_DIR; };
		96492F281D318CE6004F887C /* AppDelegate.swift */ = {isa = PBXFileReference; lastKnownFileType = sourcecode.swift; lineEnding = 0; path = AppDelegate.swift; sourceTree = "<group>"; xcLanguageSpecificationIdentifier = xcode.lang.swift; };
		96492F2A1D318CE6004F887C /* GameScene.sks */ = {isa = PBXFileReference; lastKnownFileType = file.sks; path = GameScene.sks; sourceTree = "<group>"; };
		96492F2C1D318CE6004F887C /* GameScene.swift */ = {isa = PBXFileReference; lastKnownFileType = sourcecode.swift; lineEnding = 0; path = GameScene.swift; sourceTree = "<group>"; };
		96492F2E1D318CE6004F887C /* GameViewController.swift */ = {isa = PBXFileReference; lastKnownFileType = sourcecode.swift; lineEnding = 0; path = GameViewController.swift; sourceTree = "<group>"; xcLanguageSpecificationIdentifier = xcode.lang.swift; };
		96492F311D318CE6004F887C /* Base */ = {isa = PBXFileReference; lastKnownFileType = file.storyboard; name = Base; path = Base.lproj/Main.storyboard; sourceTree = "<group>"; };
		96492F331D318CE6004F887C /* Assets.xcassets */ = {isa = PBXFileReference; lastKnownFileType = folder.assetcatalog; path = Assets.xcassets; sourceTree = "<group>"; };
		96492F361D318CE6004F887C /* Base */ = {isa = PBXFileReference; lastKnownFileType = file.storyboard; name = Base; path = Base.lproj/LaunchScreen.storyboard; sourceTree = "<group>"; };
		96492F381D318CE6004F887C /*  */ = {isa = PBXFileReference; lastKnownFileType = folder; name = ""; sourceTree = SOURCE_ROOT; };
		96492F3D1D318CE6004F887C /* bloctorials.temp_caseinsensitive_rename.temp_caseinsensitive_renames.xctest */ = {isa = PBXFileReference; explicitFileType = wrapper.cfbundle; includeInIndex = 0; path = bloctorials.temp_caseinsensitive_rename.temp_caseinsensitive_renames.xctest; sourceTree = BUILT_PRODUCTS_DIR; };
		96492F411D318CE6004F887C /* bloctorialsTests.swift */ = {isa = PBXFileReference; lastKnownFileType = sourcecode.swift; lineEnding = 0; path = bloctorialsTests.swift; sourceTree = "<group>"; xcLanguageSpecificationIdentifier = xcode.lang.swift; };
		96492F431D318CE6004F887C /* Info.plist */ = {isa = PBXFileReference; lastKnownFileType = text.plist.xml; path = Info.plist; sourceTree = "<group>"; };
		96492F481D318CE6004F887C /* bloctorials.temp_caseinsensitive_rename.temp_caseinsensitive_renames.xctest */ = {isa = PBXFileReference; explicitFileType = wrapper.cfbundle; includeInIndex = 0; path = bloctorials.temp_caseinsensitive_rename.temp_caseinsensitive_renames.xctest; sourceTree = BUILT_PRODUCTS_DIR; };
		96492F4C1D318CE6004F887C /* bloctorialsUITests.swift */ = {isa = PBXFileReference; lastKnownFileType = sourcecode.swift; path = bloctorialsUITests.swift; sourceTree = "<group>"; };
		96492F4E1D318CE6004F887C /* Info.plist */ = {isa = PBXFileReference; lastKnownFileType = text.plist.xml; path = Info.plist; sourceTree = "<group>"; };
		96492F5A1D318E8F004F887C /* Grid.swift */ = {isa = PBXFileReference; fileEncoding = 4; lastKnownFileType = sourcecode.swift; lineEnding = 0; path = Grid.swift; sourceTree = "<group>"; xcLanguageSpecificationIdentifier = xcode.lang.swift; };
		96492F6D1D31BC7E004F887C /* Block.swift */ = {isa = PBXFileReference; fileEncoding = 4; lastKnownFileType = sourcecode.swift; lineEnding = 0; path = Block.swift; sourceTree = "<group>"; xcLanguageSpecificationIdentifier = xcode.lang.swift; };
		96498EBC1D5142DF0057B54C /* Title.sks */ = {isa = PBXFileReference; lastKnownFileType = file.sks; path = Title.sks; sourceTree = "<group>"; };
		96518AFC1D49831900BEB2FA /* clearDot.wav */ = {isa = PBXFileReference; lastKnownFileType = audio.wav; path = clearDot.wav; sourceTree = "<group>"; };
		9670F4051D555809004D04D6 /* BridgingHeader.h */ = {isa = PBXFileReference; fileEncoding = 4; lastKnownFileType = sourcecode.c.h; lineEnding = 0; path = BridgingHeader.h; sourceTree = "<group>"; xcLanguageSpecificationIdentifier = xcode.lang.objcpp; };
		968914421D41461F00CD2AD6 /* UIColorExt.swift */ = {isa = PBXFileReference; fileEncoding = 4; lastKnownFileType = sourcecode.swift; lineEnding = 0; path = UIColorExt.swift; sourceTree = "<group>"; };
		968914461D41529500CD2AD6 /* ASAttributedLabelNode.swift */ = {isa = PBXFileReference; fileEncoding = 4; lastKnownFileType = sourcecode.swift; path = ASAttributedLabelNode.swift; sourceTree = "<group>"; };
		9689144F1D4828FB00CD2AD6 /* clearRow.caf */ = {isa = PBXFileReference; lastKnownFileType = file; path = clearRow.caf; sourceTree = "<group>"; };
		968ABF0F1D4FF40D00776165 /* SwiftyUserDefaults.swift */ = {isa = PBXFileReference; fileEncoding = 4; lastKnownFileType = sourcecode.swift; path = SwiftyUserDefaults.swift; sourceTree = "<group>"; };
		968ABF131D4FFE2900776165 /* GameManager.swift */ = {isa = PBXFileReference; fileEncoding = 4; lastKnownFileType = sourcecode.swift; lineEnding = 0; path = GameManager.swift; sourceTree = "<group>"; xcLanguageSpecificationIdentifier = xcode.lang.swift; };
		96CF7FDD1D4C0F070096DEF3 /* switch33.wav */ = {isa = PBXFileReference; lastKnownFileType = audio.wav; path = switch33.wav; sourceTree = "<group>"; };
		96CF7FDE1D4C0F070096DEF3 /* switch34.wav */ = {isa = PBXFileReference; lastKnownFileType = audio.wav; path = switch34.wav; sourceTree = "<group>"; };
		96CF7FDF1D4C0F070096DEF3 /* switch38.wav */ = {isa = PBXFileReference; lastKnownFileType = audio.wav; path = switch38.wav; sourceTree = "<group>"; };
		96CF7FE31D4C0F300096DEF3 /* click1.wav */ = {isa = PBXFileReference; lastKnownFileType = audio.wav; path = click1.wav; sourceTree = "<group>"; };
		96CF7FE41D4C0F300096DEF3 /* click2.wav */ = {isa = PBXFileReference; lastKnownFileType = audio.wav; path = click2.wav; sourceTree = "<group>"; };
		96CF7FE51D4C0F300096DEF3 /* click3.wav */ = {isa = PBXFileReference; lastKnownFileType = audio.wav; path = click3.wav; sourceTree = "<group>"; };
		96CF7FE91D4C10BC0096DEF3 /* whoosh.wav */ = {isa = PBXFileReference; lastKnownFileType = audio.wav; path = whoosh.wav; sourceTree = "<group>"; };
		96F3A4481D3E9EB900DD41D8 /* Snippets.swift */ = {isa = PBXFileReference; fileEncoding = 4; lastKnownFileType = sourcecode.swift; lineEnding = 0; path = Snippets.swift; sourceTree = "<group>"; };
/* End PBXFileReference section */

/* Begin PBXFrameworksBuildPhase section */
		96492F221D318CE6004F887C /* Frameworks */ = {
			isa = PBXFrameworksBuildPhase;
			buildActionMask = 2147483647;
			files = (
				9634EEF61D55DE4E0015E053 /* StoreKit.framework in Frameworks */,
				9634EEF51D55DE430015E053 /* Foundation.framework in Frameworks */,
				9634EEF41D55DE380015E053 /* CoreGraphics.framework in Frameworks */,
				9634EEF31D55DE2E0015E053 /* UIKit.framework in Frameworks */,
				9634EEF21D55DE230015E053 /* CoreMotion.framework in Frameworks */,
			);
			runOnlyForDeploymentPostprocessing = 0;
		};
		96492F3A1D318CE6004F887C /* Frameworks */ = {
			isa = PBXFrameworksBuildPhase;
			buildActionMask = 2147483647;
			files = (
			);
			runOnlyForDeploymentPostprocessing = 0;
		};
		96492F451D318CE6004F887C /* Frameworks */ = {
			isa = PBXFrameworksBuildPhase;
			buildActionMask = 2147483647;
			files = (
			);
			runOnlyForDeploymentPostprocessing = 0;
		};
/* End PBXFrameworksBuildPhase section */

/* Begin PBXGroup section */
		96044AB61D3589B90097D096 /* SKTUtils */ = {
			isa = PBXGroup;
			children = (
				96044AB71D3589B90097D096 /* CGFloat+Extensions.swift */,
				96044AB81D3589B90097D096 /* CGPoint+Extensions.swift */,
				96044AB91D3589B90097D096 /* CGVector+Extensions.swift */,
				96044ABA1D3589B90097D096 /* Int+Extensions.swift */,
				96044ABB1D3589B90097D096 /* SKAction+Extensions.swift */,
				96044ABC1D3589B90097D096 /* SKAction+SpecialEffects.swift */,
				96044ABD1D3589B90097D096 /* SKColor+Extensions.swift */,
				96044ABE1D3589B90097D096 /* SKNode+Extensions.swift */,
				96044ABF1D3589B90097D096 /* SKTAudio.swift */,
				96044AC01D3589B90097D096 /* SKTEffects.swift */,
				96044AC11D3589B90097D096 /* SKTTimingFunctions.swift */,
				96044AC21D3589B90097D096 /* Vector3.swift */,
			);
			path = SKTUtils;
			sourceTree = "<group>";
		};
		9640E2851D5554D300719E7F /* Frameworks */ = {
			isa = PBXGroup;
			children = (
				9640E2831D5554B400719E7F /* CoreMotion.framework */,
				9640E2811D5554AD00719E7F /* UIKit.framework */,
				9640E27F1D5554A100719E7F /* CoreGraphics.framework */,
				9640E27D1D55549200719E7F /* Foundation.framework */,
				9640E27B1D55548600719E7F /* StoreKit.framework */,
				9640E2791D55545100719E7F /* Chartboost.framework */,
			);
			name = Frameworks;
			sourceTree = "<group>";
		};
		96492F1C1D318CE6004F887C = {
			isa = PBXGroup;
			children = (
				96492F381D318CE6004F887C /*  */,
				9634EEEF1D55D75D0015E053 /* Default-568h@2x.png */,
				96492F271D318CE6004F887C /* bloctorials */,
				96492F401D318CE6004F887C /* bloctorialsTests */,
				96492F4B1D318CE6004F887C /* bloctorialsUITests */,
				96492F261D318CE6004F887C /* Products */,
			);
			sourceTree = "<group>";
		};
		96492F261D318CE6004F887C /* Products */ = {
			isa = PBXGroup;
			children = (
				96492F251D318CE6004F887C /* bloctorials.app */,
				96492F3D1D318CE6004F887C /* bloctorials.temp_caseinsensitive_rename.temp_caseinsensitive_renames.xctest */,
				96492F481D318CE6004F887C /* bloctorials.temp_caseinsensitive_rename.temp_caseinsensitive_renames.xctest */,
			);
			name = Products;
			sourceTree = "<group>";
		};
		96492F271D318CE6004F887C /* bloctorials */ = {
			isa = PBXGroup;
			children = (
				9670F4051D555809004D04D6 /* BridgingHeader.h */,
				968ABF0E1D4FF3FB00776165 /* GameManager */,
				96044AB61D3589B90097D096 /* SKTUtils */,
				96492F281D318CE6004F887C /* AppDelegate.swift */,
				96498EBB1D5142A90057B54C /* Scenes */,
				96492F6D1D31BC7E004F887C /* Block.swift */,
				96492F5A1D318E8F004F887C /* Grid.swift */,
				96044ACF1D3598330097D096 /* StageH.swift */,
				96044AD11D35C53F0097D096 /* StageV.swift */,
				96492F2E1D318CE6004F887C /* GameViewController.swift */,
				96044AD31D35EBDD0097D096 /* MSButtonNode.swift */,
				96044AD41D35EBDD0097D096 /* MSReferenceNode.swift */,
				968914421D41461F00CD2AD6 /* UIColorExt.swift */,
				96F3A4481D3E9EB900DD41D8 /* Snippets.swift */,
				968914461D41529500CD2AD6 /* ASAttributedLabelNode.swift */,
				96492F301D318CE6004F887C /* Main.storyboard */,
				9640E2851D5554D300719E7F /* Frameworks */,
				96492F331D318CE6004F887C /* Assets.xcassets */,
				96492F351D318CE6004F887C /* LaunchScreen.storyboard */,
				9689144B1D481C0B00CD2AD6 /* SFX */,
			);
			path = bloctorials;
			sourceTree = "<group>";
		};
		96492F401D318CE6004F887C /* bloctorialsTests */ = {
			isa = PBXGroup;
			children = (
				96492F411D318CE6004F887C /* bloctorialsTests.swift */,
				96492F431D318CE6004F887C /* Info.plist */,
			);
			path = bloctorialsTests;
			sourceTree = "<group>";
		};
		96492F4B1D318CE6004F887C /* bloctorialsUITests */ = {
			isa = PBXGroup;
			children = (
				96492F4C1D318CE6004F887C /* bloctorialsUITests.swift */,
				96492F4E1D318CE6004F887C /* Info.plist */,
			);
			path = bloctorialsUITests;
			sourceTree = "<group>";
		};
		96498EBB1D5142A90057B54C /* Scenes */ = {
			isa = PBXGroup;
			children = (
				96492F2A1D318CE6004F887C /* GameScene.sks */,
				96492F2C1D318CE6004F887C /* GameScene.swift */,
				96498EBC1D5142DF0057B54C /* Title.sks */,
				9640E26F1D514DF000719E7F /* Title.swift */,
			);
			name = Scenes;
			sourceTree = "<group>";
		};
		9689144B1D481C0B00CD2AD6 /* SFX */ = {
			isa = PBXGroup;
			children = (
				96CF7FE31D4C0F300096DEF3 /* click1.wav */,
				96CF7FE41D4C0F300096DEF3 /* click2.wav */,
				96CF7FE51D4C0F300096DEF3 /* click3.wav */,
				96CF7FDD1D4C0F070096DEF3 /* switch33.wav */,
				96CF7FDE1D4C0F070096DEF3 /* switch34.wav */,
				96CF7FDF1D4C0F070096DEF3 /* switch38.wav */,
				96518AFC1D49831900BEB2FA /* clearDot.wav */,
				9689144F1D4828FB00CD2AD6 /* clearRow.caf */,
				96CF7FE91D4C10BC0096DEF3 /* whoosh.wav */,
			);
			name = SFX;
			sourceTree = "<group>";
		};
		968ABF0E1D4FF3FB00776165 /* GameManager */ = {
			isa = PBXGroup;
			children = (
				968ABF0F1D4FF40D00776165 /* SwiftyUserDefaults.swift */,
				968ABF131D4FFE2900776165 /* GameManager.swift */,
			);
			name = GameManager;
			sourceTree = "<group>";
		};
/* End PBXGroup section */

/* Begin PBXNativeTarget section */
		96492F241D318CE6004F887C /* bloctorials */ = {
			isa = PBXNativeTarget;
			buildConfigurationList = 96492F511D318CE6004F887C /* Build configuration list for PBXNativeTarget "bloctorials" */;
			buildPhases = (
				96492F211D318CE6004F887C /* Sources */,
				96492F221D318CE6004F887C /* Frameworks */,
				96492F231D318CE6004F887C /* Resources */,
			);
			buildRules = (
			);
			dependencies = (
			);
			name = bloctorials;
			productName = bloctorials;
			productReference = 96492F251D318CE6004F887C /* bloctorials.app */;
			productType = "com.apple.product-type.application";
		};
		96492F3C1D318CE6004F887C /* bloctorialsTests */ = {
			isa = PBXNativeTarget;
			buildConfigurationList = 96492F541D318CE6004F887C /* Build configuration list for PBXNativeTarget "bloctorialsTests" */;
			buildPhases = (
				96492F391D318CE6004F887C /* Sources */,
				96492F3A1D318CE6004F887C /* Frameworks */,
				96492F3B1D318CE6004F887C /* Resources */,
			);
			buildRules = (
			);
			dependencies = (
				96492F3F1D318CE6004F887C /* PBXTargetDependency */,
			);
			name = bloctorialsTests;
			productName = bloctorialsTests;
			productReference = 96492F3D1D318CE6004F887C /* bloctorials.temp_caseinsensitive_rename.temp_caseinsensitive_renames.xctest */;
			productType = "com.apple.product-type.bundle.unit-test";
		};
		96492F471D318CE6004F887C /* bloctorialsUITests */ = {
			isa = PBXNativeTarget;
			buildConfigurationList = 96492F571D318CE6004F887C /* Build configuration list for PBXNativeTarget "bloctorialsUITests" */;
			buildPhases = (
				96492F441D318CE6004F887C /* Sources */,
				96492F451D318CE6004F887C /* Frameworks */,
				96492F461D318CE6004F887C /* Resources */,
			);
			buildRules = (
			);
			dependencies = (
				96492F4A1D318CE6004F887C /* PBXTargetDependency */,
			);
			name = bloctorialsUITests;
			productName = bloctorialsUITests;
			productReference = 96492F481D318CE6004F887C /* bloctorials.temp_caseinsensitive_rename.temp_caseinsensitive_renames.xctest */;
			productType = "com.apple.product-type.bundle.ui-testing";
		};
/* End PBXNativeTarget section */

/* Begin PBXProject section */
		96492F1D1D318CE6004F887C /* Project object */ = {
			isa = PBXProject;
			attributes = {
				LastSwiftUpdateCheck = 0730;
				LastUpgradeCheck = 0730;
				ORGANIZATIONNAME = SsosSoft;
				TargetAttributes = {
					96492F241D318CE6004F887C = {
						CreatedOnToolsVersion = 7.3.1;
						DevelopmentTeam = U7U4U44M6F;
					};
					96492F3C1D318CE6004F887C = {
						CreatedOnToolsVersion = 7.3.1;
						TestTargetID = 96492F241D318CE6004F887C;
					};
					96492F471D318CE6004F887C = {
						CreatedOnToolsVersion = 7.3.1;
						TestTargetID = 96492F241D318CE6004F887C;
					};
				};
			};
			buildConfigurationList = 96492F201D318CE6004F887C /* Build configuration list for PBXProject "bloctorials" */;
			compatibilityVersion = "Xcode 3.2";
			developmentRegion = English;
			hasScannedForEncodings = 0;
			knownRegions = (
				en,
				Base,
			);
			mainGroup = 96492F1C1D318CE6004F887C;
			productRefGroup = 96492F261D318CE6004F887C /* Products */;
			projectDirPath = "";
			projectRoot = "";
			targets = (
				96492F241D318CE6004F887C /* bloctorials */,
				96492F3C1D318CE6004F887C /* bloctorialsTests */,
				96492F471D318CE6004F887C /* bloctorialsUITests */,
			);
		};
/* End PBXProject section */

/* Begin PBXResourcesBuildPhase section */
		96492F231D318CE6004F887C /* Resources */ = {
			isa = PBXResourcesBuildPhase;
			buildActionMask = 2147483647;
			files = (
				9634EEF11D55DC1F0015E053 /*  in Resources */,
				96492F2B1D318CE6004F887C /* GameScene.sks in Resources */,
				96CF7FE01D4C0F070096DEF3 /* switch33.wav in Resources */,
				96CF7FE11D4C0F070096DEF3 /* switch34.wav in Resources */,
				96CF7FE71D4C0F300096DEF3 /* click2.wav in Resources */,
				96492F371D318CE6004F887C /* LaunchScreen.storyboard in Resources */,
				96498EBD1D5142DF0057B54C /* Title.sks in Resources */,
				96CF7FE21D4C0F070096DEF3 /* switch38.wav in Resources */,
				96492F341D318CE6004F887C /* Assets.xcassets in Resources */,
				9634EEF01D55D75D0015E053 /* Default-568h@2x.png in Resources */,
				96518AFD1D49831900BEB2FA /* clearDot.wav in Resources */,
				96492F321D318CE6004F887C /* Main.storyboard in Resources */,
				9634EEFB1D55EE240015E053 /* bloctorials.app in Resources */,
				968914501D4828FB00CD2AD6 /* clearRow.caf in Resources */,
				96CF7FE61D4C0F300096DEF3 /* click1.wav in Resources */,
				96CF7FEA1D4C10BC0096DEF3 /* whoosh.wav in Resources */,
				96CF7FE81D4C0F300096DEF3 /* click3.wav in Resources */,
			);
			runOnlyForDeploymentPostprocessing = 0;
		};
		96492F3B1D318CE6004F887C /* Resources */ = {
			isa = PBXResourcesBuildPhase;
			buildActionMask = 2147483647;
			files = (
			);
			runOnlyForDeploymentPostprocessing = 0;
		};
		96492F461D318CE6004F887C /* Resources */ = {
			isa = PBXResourcesBuildPhase;
			buildActionMask = 2147483647;
			files = (
			);
			runOnlyForDeploymentPostprocessing = 0;
		};
/* End PBXResourcesBuildPhase section */

/* Begin PBXSourcesBuildPhase section */
		96492F211D318CE6004F887C /* Sources */ = {
			isa = PBXSourcesBuildPhase;
			buildActionMask = 2147483647;
			files = (
				96492F2D1D318CE6004F887C /* GameScene.swift in Sources */,
				9640E2701D514DF000719E7F /* Title.swift in Sources */,
				96044ACD1D3589B90097D096 /* SKTTimingFunctions.swift in Sources */,
				96492F2F1D318CE6004F887C /* GameViewController.swift in Sources */,
				96044AC51D3589B90097D096 /* CGVector+Extensions.swift in Sources */,
				96044AC41D3589B90097D096 /* CGPoint+Extensions.swift in Sources */,
				968ABF101D4FF40D00776165 /* SwiftyUserDefaults.swift in Sources */,
				968914471D41529500CD2AD6 /* ASAttributedLabelNode.swift in Sources */,
				96044AC31D3589B90097D096 /* CGFloat+Extensions.swift in Sources */,
				96492F6E1D31BC7E004F887C /* Block.swift in Sources */,
				96044ACB1D3589B90097D096 /* SKTAudio.swift in Sources */,
				96044AD01D3598330097D096 /* StageH.swift in Sources */,
				968914431D41461F00CD2AD6 /* UIColorExt.swift in Sources */,
				96F3A4491D3E9EB900DD41D8 /* Snippets.swift in Sources */,
				96492F291D318CE6004F887C /* AppDelegate.swift in Sources */,
				968ABF141D4FFE2900776165 /* GameManager.swift in Sources */,
				96044ACA1D3589B90097D096 /* SKNode+Extensions.swift in Sources */,
				96044AC71D3589B90097D096 /* SKAction+Extensions.swift in Sources */,
				96044AC81D3589B90097D096 /* SKAction+SpecialEffects.swift in Sources */,
				96044AD21D35C53F0097D096 /* StageV.swift in Sources */,
				96044AD61D35EBDD0097D096 /* MSReferenceNode.swift in Sources */,
				96492F5B1D318E8F004F887C /* Grid.swift in Sources */,
				96044ACC1D3589B90097D096 /* SKTEffects.swift in Sources */,
				96044AC61D3589B90097D096 /* Int+Extensions.swift in Sources */,
				96044ACE1D3589B90097D096 /* Vector3.swift in Sources */,
				96044AC91D3589B90097D096 /* SKColor+Extensions.swift in Sources */,
				96044AD51D35EBDD0097D096 /* MSButtonNode.swift in Sources */,
			);
			runOnlyForDeploymentPostprocessing = 0;
		};
		96492F391D318CE6004F887C /* Sources */ = {
			isa = PBXSourcesBuildPhase;
			buildActionMask = 2147483647;
			files = (
				96492F421D318CE6004F887C /* bloctorialsTests.swift in Sources */,
			);
			runOnlyForDeploymentPostprocessing = 0;
		};
		96492F441D318CE6004F887C /* Sources */ = {
			isa = PBXSourcesBuildPhase;
			buildActionMask = 2147483647;
			files = (
				96492F4D1D318CE6004F887C /* bloctorialsUITests.swift in Sources */,
			);
			runOnlyForDeploymentPostprocessing = 0;
		};
/* End PBXSourcesBuildPhase section */

/* Begin PBXTargetDependency section */
		96492F3F1D318CE6004F887C /* PBXTargetDependency */ = {
			isa = PBXTargetDependency;
			target = 96492F241D318CE6004F887C /* bloctorials */;
			targetProxy = 96492F3E1D318CE6004F887C /* PBXContainerItemProxy */;
		};
		96492F4A1D318CE6004F887C /* PBXTargetDependency */ = {
			isa = PBXTargetDependency;
			target = 96492F241D318CE6004F887C /* bloctorials */;
			targetProxy = 96492F491D318CE6004F887C /* PBXContainerItemProxy */;
		};
/* End PBXTargetDependency section */

/* Begin PBXVariantGroup section */
		96492F301D318CE6004F887C /* Main.storyboard */ = {
			isa = PBXVariantGroup;
			children = (
				96492F311D318CE6004F887C /* Base */,
			);
			name = Main.storyboard;
			sourceTree = "<group>";
		};
		96492F351D318CE6004F887C /* LaunchScreen.storyboard */ = {
			isa = PBXVariantGroup;
			children = (
				96492F361D318CE6004F887C /* Base */,
			);
			name = LaunchScreen.storyboard;
			sourceTree = "<group>";
		};
/* End PBXVariantGroup section */

/* Begin XCBuildConfiguration section */
		96492F4F1D318CE6004F887C /* Debug */ = {
			isa = XCBuildConfiguration;
			buildSettings = {
				ALWAYS_SEARCH_USER_PATHS = NO;
				CLANG_ANALYZER_NONNULL = YES;
				CLANG_CXX_LANGUAGE_STANDARD = "gnu++0x";
				CLANG_CXX_LIBRARY = "libc++";
				CLANG_ENABLE_MODULES = YES;
				CLANG_ENABLE_OBJC_ARC = YES;
				CLANG_OPTIMIZATION_PROFILE_FILE = "$(SRCROOT)/OptimizationProfiles/$(PROJECT_NAME).profdata";
				CLANG_WARN_BOOL_CONVERSION = YES;
				CLANG_WARN_CONSTANT_CONVERSION = YES;
				CLANG_WARN_DIRECT_OBJC_ISA_USAGE = YES_ERROR;
				CLANG_WARN_EMPTY_BODY = YES;
				CLANG_WARN_ENUM_CONVERSION = YES;
				CLANG_WARN_INT_CONVERSION = YES;
				CLANG_WARN_OBJC_ROOT_CLASS = YES_ERROR;
				CLANG_WARN_UNREACHABLE_CODE = YES;
				CLANG_WARN__DUPLICATE_METHOD_MATCH = YES;
				"CODE_SIGN_IDENTITY[sdk=iphoneos*]" = "iPhone Developer";
				COPY_PHASE_STRIP = NO;
				DEBUG_INFORMATION_FORMAT = "dwarf-with-dsym";
				ENABLE_BITCODE = NO;
				ENABLE_STRICT_OBJC_MSGSEND = YES;
				ENABLE_TESTABILITY = YES;
				GCC_C_LANGUAGE_STANDARD = gnu99;
				GCC_DYNAMIC_NO_PIC = NO;
				GCC_NO_COMMON_BLOCKS = YES;
				GCC_OPTIMIZATION_LEVEL = 0;
				GCC_PREPROCESSOR_DEFINITIONS = (
					"DEBUG=1",
					"$(inherited)",
				);
				GCC_WARN_64_TO_32_BIT_CONVERSION = YES;
				GCC_WARN_ABOUT_RETURN_TYPE = YES_ERROR;
				GCC_WARN_UNDECLARED_SELECTOR = YES;
				GCC_WARN_UNINITIALIZED_AUTOS = YES_AGGRESSIVE;
				GCC_WARN_UNUSED_FUNCTION = YES;
				GCC_WARN_UNUSED_VARIABLE = YES;
				IPHONEOS_DEPLOYMENT_TARGET = 9.3;
				LD_RUNPATH_SEARCH_PATHS = "$(inherited), @executable_path/Frameworks, @loader_path/Frameworks";
				MTL_ENABLE_DEBUG_INFO = YES;
				ONLY_ACTIVE_ARCH = YES;
				SDKROOT = iphoneos;
				SWIFT_INSTALL_OBJC_HEADER = NO;
				SWIFT_OBJC_BRIDGING_HEADER = "";
				SWIFT_OPTIMIZATION_LEVEL = "-Onone";
				TARGETED_DEVICE_FAMILY = "1,2";
			};
			name = Debug;
		};
		96492F501D318CE6004F887C /* Release */ = {
			isa = XCBuildConfiguration;
			buildSettings = {
				ALWAYS_SEARCH_USER_PATHS = NO;
				CLANG_ANALYZER_NONNULL = YES;
				CLANG_CXX_LANGUAGE_STANDARD = "gnu++0x";
				CLANG_CXX_LIBRARY = "libc++";
				CLANG_ENABLE_MODULES = YES;
				CLANG_ENABLE_OBJC_ARC = YES;
				CLANG_OPTIMIZATION_PROFILE_FILE = "$(SRCROOT)/OptimizationProfiles/$(PROJECT_NAME).profdata";
				CLANG_WARN_BOOL_CONVERSION = YES;
				CLANG_WARN_CONSTANT_CONVERSION = YES;
				CLANG_WARN_DIRECT_OBJC_ISA_USAGE = YES_ERROR;
				CLANG_WARN_EMPTY_BODY = YES;
				CLANG_WARN_ENUM_CONVERSION = YES;
				CLANG_WARN_INT_CONVERSION = YES;
				CLANG_WARN_OBJC_ROOT_CLASS = YES_ERROR;
				CLANG_WARN_UNREACHABLE_CODE = YES;
				CLANG_WARN__DUPLICATE_METHOD_MATCH = YES;
				"CODE_SIGN_IDENTITY[sdk=iphoneos*]" = "iPhone Developer";
				COPY_PHASE_STRIP = NO;
				DEBUG_INFORMATION_FORMAT = "dwarf-with-dsym";
				ENABLE_BITCODE = NO;
				ENABLE_NS_ASSERTIONS = NO;
				ENABLE_STRICT_OBJC_MSGSEND = YES;
				GCC_C_LANGUAGE_STANDARD = gnu99;
				GCC_NO_COMMON_BLOCKS = YES;
				GCC_WARN_64_TO_32_BIT_CONVERSION = YES;
				GCC_WARN_ABOUT_RETURN_TYPE = YES_ERROR;
				GCC_WARN_UNDECLARED_SELECTOR = YES;
				GCC_WARN_UNINITIALIZED_AUTOS = YES_AGGRESSIVE;
				GCC_WARN_UNUSED_FUNCTION = YES;
				GCC_WARN_UNUSED_VARIABLE = YES;
				IPHONEOS_DEPLOYMENT_TARGET = 9.3;
				LD_RUNPATH_SEARCH_PATHS = "$(inherited), @executable_path/Frameworks, @loader_path/Frameworks";
				MTL_ENABLE_DEBUG_INFO = NO;
				SDKROOT = iphoneos;
				SWIFT_INSTALL_OBJC_HEADER = NO;
				SWIFT_OBJC_BRIDGING_HEADER = "";
				TARGETED_DEVICE_FAMILY = "1,2";
				VALIDATE_PRODUCT = YES;
			};
			name = Release;
		};
		96492F521D318CE6004F887C /* Debug */ = {
			isa = XCBuildConfiguration;
			buildSettings = {
				ASSETCATALOG_COMPILER_APPICON_NAME = AppIcon;
				CLANG_OPTIMIZATION_PROFILE_FILE = "$(SRCROOT)/bloctorials/OptimizationProfiles/$(PROJECT_NAME).profdata";
				CODE_SIGN_IDENTITY = "iPhone Developer";
				"CODE_SIGN_IDENTITY[sdk=iphoneos*]" = "iPhone Developer";
				FRAMEWORK_SEARCH_PATHS = (
					"$(inherited)",
					"$(PROJECT_DIR)/bloctorials/",
					"$(PROJECT_DIR)/bloctorials",
				);
				INFOPLIST_FILE = "$(SRCROOT)/Info.plist";
				LD_RUNPATH_SEARCH_PATHS = "$(inherited) @executable_path/bloctorials/Frameworks";
				PRODUCT_BUNDLE_IDENTIFIER = com.SsosSoft.bloctorials;
				PRODUCT_NAME = bloctorials;
				PROVISIONING_PROFILE = "";
				SWIFT_OBJC_BRIDGING_HEADER = "";
			};
			name = Debug;
		};
		96492F531D318CE6004F887C /* Release */ = {
			isa = XCBuildConfiguration;
			buildSettings = {
				ASSETCATALOG_COMPILER_APPICON_NAME = AppIcon;
				CLANG_OPTIMIZATION_PROFILE_FILE = "$(SRCROOT)/bloctorials/OptimizationProfiles/$(PROJECT_NAME).profdata";
				CODE_SIGN_IDENTITY = "iPhone Developer";
				"CODE_SIGN_IDENTITY[sdk=iphoneos*]" = "iPhone Developer";
				FRAMEWORK_SEARCH_PATHS = (
					"$(inherited)",
					"$(PROJECT_DIR)/bloctorials/",
					"$(PROJECT_DIR)/bloctorials",
				);
				INFOPLIST_FILE = "$(SRCROOT)/Info.plist";
				LD_RUNPATH_SEARCH_PATHS = "$(inherited) @executable_path/bloctorials/Frameworks";
				PRODUCT_BUNDLE_IDENTIFIER = com.SsosSoft.bloctorials;
				PRODUCT_NAME = bloctorials;
				PROVISIONING_PROFILE = "";
				SWIFT_OBJC_BRIDGING_HEADER = "";
			};
			name = Release;
		};
		96492F551D318CE6004F887C /* Debug */ = {
			isa = XCBuildConfiguration;
			buildSettings = {
				BUNDLE_LOADER = "$(TEST_HOST)";
				DEBUG_INFORMATION_FORMAT = dwarf;
				INFOPLIST_FILE = bloctorialsTests/Info.plist;
				LD_RUNPATH_SEARCH_PATHS = "$(inherited) @executable_path/Frameworks @loader_path/Frameworks";
				PRODUCT_BUNDLE_IDENTIFIER = com.SsosSoft.bloctorialsTests;
				PRODUCT_NAME = bloctorials.temp_caseinsensitive_rename.temp_caseinsensitive_renames;
				TEST_HOST = "$(BUILT_PRODUCTS_DIR)/bloctorials.temp_caseinsensitive_rename.temp_caseinsensitive_renames.app/bloctorials.temp_caseinsensitive_rename.temp_caseinsensitive_renames";
			};
			name = Debug;
		};
		96492F561D318CE6004F887C /* Release */ = {
			isa = XCBuildConfiguration;
			buildSettings = {
				BUNDLE_LOADER = "$(TEST_HOST)";
				INFOPLIST_FILE = bloctorialsTests/Info.plist;
				LD_RUNPATH_SEARCH_PATHS = "$(inherited) @executable_path/Frameworks @loader_path/Frameworks";
				PRODUCT_BUNDLE_IDENTIFIER = com.SsosSoft.bloctorialsTests;
				PRODUCT_NAME = bloctorials.temp_caseinsensitive_rename.temp_caseinsensitive_renames;
				TEST_HOST = "$(BUILT_PRODUCTS_DIR)/bloctorials.temp_caseinsensitive_rename.temp_caseinsensitive_renames.app/bloctorials.temp_caseinsensitive_rename.temp_caseinsensitive_renames";
			};
			name = Release;
		};
		96492F581D318CE6004F887C /* Debug */ = {
			isa = XCBuildConfiguration;
			buildSettings = {
				DEBUG_INFORMATION_FORMAT = dwarf;
				INFOPLIST_FILE = bloctorialsUITests/Info.plist;
				LD_RUNPATH_SEARCH_PATHS = "$(inherited) @executable_path/Frameworks @loader_path/Frameworks";
				PRODUCT_BUNDLE_IDENTIFIER = com.SsosSoft.bloctorialsUITests;
				PRODUCT_NAME = bloctorials.temp_caseinsensitive_rename.temp_caseinsensitive_renames;
				TEST_TARGET_NAME = bloctorials;
			};
			name = Debug;
		};
		96492F591D318CE6004F887C /* Release */ = {
			isa = XCBuildConfiguration;
			buildSettings = {
				INFOPLIST_FILE = bloctorialsUITests/Info.plist;
				LD_RUNPATH_SEARCH_PATHS = "$(inherited) @executable_path/Frameworks @loader_path/Frameworks";
				PRODUCT_BUNDLE_IDENTIFIER = com.SsosSoft.bloctorialsUITests;
				PRODUCT_NAME = bloctorials.temp_caseinsensitive_rename.temp_caseinsensitive_renames;
				TEST_TARGET_NAME = bloctorials;
			};
			name = Release;
		};
/* End XCBuildConfiguration section */

/* Begin XCConfigurationList section */
		96492F201D318CE6004F887C /* Build configuration list for PBXProject "bloctorials" */ = {
			isa = XCConfigurationList;
			buildConfigurations = (
				96492F4F1D318CE6004F887C /* Debug */,
				96492F501D318CE6004F887C /* Release */,
			);
			defaultConfigurationIsVisible = 0;
			defaultConfigurationName = Release;
		};
		96492F511D318CE6004F887C /* Build configuration list for PBXNativeTarget "bloctorials" */ = {
			isa = XCConfigurationList;
			buildConfigurations = (
				96492F521D318CE6004F887C /* Debug */,
				96492F531D318CE6004F887C /* Release */,
			);
			defaultConfigurationIsVisible = 0;
			defaultConfigurationName = Release;
		};
		96492F541D318CE6004F887C /* Build configuration list for PBXNativeTarget "bloctorialsTests" */ = {
			isa = XCConfigurationList;
			buildConfigurations = (
				96492F551D318CE6004F887C /* Debug */,
				96492F561D318CE6004F887C /* Release */,
			);
			defaultConfigurationIsVisible = 0;
			defaultConfigurationName = Release;
		};
		96492F571D318CE6004F887C /* Build configuration list for PBXNativeTarget "bloctorialsUITests" */ = {
			isa = XCConfigurationList;
			buildConfigurations = (
				96492F581D318CE6004F887C /* Debug */,
				96492F591D318CE6004F887C /* Release */,
			);
			defaultConfigurationIsVisible = 0;
			defaultConfigurationName = Release;
		};
/* End XCConfigurationList section */
	};
	rootObject = 96492F1D1D318CE6004F887C /* Project object */;
}
