// !$*UTF8*$!
{
	archiveVersion = 1;
	classes = {
	};
	objectVersion = 46;
	objects = {

/* Begin PBXBuildFile section */
		15365A7BB2CF8DD8A4B82E40 /* Pods_Bloctorials.framework in Frameworks */ = {isa = PBXBuildFile; fileRef = FA797128A9872A83F8AEE6D7 /* Pods_Bloctorials.framework */; };
		78F6D4D10B2423525EC40C9A /* Pods_BloctorialsUITests.framework in Frameworks */ = {isa = PBXBuildFile; fileRef = C82F562FD267B1A4AA3D61D7 /* Pods_BloctorialsUITests.framework */; };
		96044AC31D3589B90097D096 /* CGFloat+Extensions.swift in Sources */ = {isa = PBXBuildFile; fileRef = 96044AB71D3589B90097D096 /* CGFloat+Extensions.swift */; };
		96044AC41D3589B90097D096 /* CGPoint+Extensions.swift in Sources */ = {isa = PBXBuildFile; fileRef = 96044AB81D3589B90097D096 /* CGPoint+Extensions.swift */; };
		96044AC51D3589B90097D096 /* CGVector+Extensions.swift in Sources */ = {isa = PBXBuildFile; fileRef = 96044AB91D3589B90097D096 /* CGVector+Extensions.swift */; };
		96044AC61D3589B90097D096 /* Int+Extensions.swift in Sources */ = {isa = PBXBuildFile; fileRef = 96044ABA1D3589B90097D096 /* Int+Extensions.swift */; };
		96044AC71D3589B90097D096 /* SKAction+Extensions.swift in Sources */ = {isa = PBXBuildFile; fileRef = 96044ABB1D3589B90097D096 /* SKAction+Extensions.swift */; };
		96044AC81D3589B90097D096 /* SKAction+SpecialEffects.swift in Sources */ = {isa = PBXBuildFile; fileRef = 96044ABC1D3589B90097D096 /* SKAction+SpecialEffects.swift */; };
		96044AC91D3589B90097D096 /* SKColor+Extensions.swift in Sources */ = {isa = PBXBuildFile; fileRef = 96044ABD1D3589B90097D096 /* SKColor+Extensions.swift */; };
		96044ACA1D3589B90097D096 /* SKNode+Extensions.swift in Sources */ = {isa = PBXBuildFile; fileRef = 96044ABE1D3589B90097D096 /* SKNode+Extensions.swift */; };
		96044ACB1D3589B90097D096 /* SKTAudio.swift in Sources */ = {isa = PBXBuildFile; fileRef = 96044ABF1D3589B90097D096 /* SKTAudio.swift */; };
		96044ACC1D3589B90097D096 /* SKTEffects.swift in Sources */ = {isa = PBXBuildFile; fileRef = 96044AC01D3589B90097D096 /* SKTEffects.swift */; };
		96044ACD1D3589B90097D096 /* SKTTimingFunctions.swift in Sources */ = {isa = PBXBuildFile; fileRef = 96044AC11D3589B90097D096 /* SKTTimingFunctions.swift */; };
		96044ACE1D3589B90097D096 /* Vector3.swift in Sources */ = {isa = PBXBuildFile; fileRef = 96044AC21D3589B90097D096 /* Vector3.swift */; };
		96044AD01D3598330097D096 /* StageH.swift in Sources */ = {isa = PBXBuildFile; fileRef = 96044ACF1D3598330097D096 /* StageH.swift */; };
		96044AD21D35C53F0097D096 /* StageV.swift in Sources */ = {isa = PBXBuildFile; fileRef = 96044AD11D35C53F0097D096 /* StageV.swift */; };
		96044AD51D35EBDD0097D096 /* MSButtonNode.swift in Sources */ = {isa = PBXBuildFile; fileRef = 96044AD31D35EBDD0097D096 /* MSButtonNode.swift */; };
		96044AD61D35EBDD0097D096 /* MSReferenceNode.swift in Sources */ = {isa = PBXBuildFile; fileRef = 96044AD41D35EBDD0097D096 /* MSReferenceNode.swift */; };
		96053A921D5837B1004E72CD /* Spark.sks in Resources */ = {isa = PBXBuildFile; fileRef = 96053A901D5837B1004E72CD /* Spark.sks */; };
		96053A931D5837B1004E72CD /* spark.png in Resources */ = {isa = PBXBuildFile; fileRef = 96053A911D5837B1004E72CD /* spark.png */; };
		9640E2701D514DF000719E7F /* Title.swift in Sources */ = {isa = PBXBuildFile; fileRef = 9640E26F1D514DF000719E7F /* Title.swift */; };
		9640E27A1D55545300719E7F /* Chartboost.framework in Frameworks */ = {isa = PBXBuildFile; fileRef = 9640E2791D55545100719E7F /* Chartboost.framework */; };
		9640E27C1D55548600719E7F /* StoreKit.framework in Frameworks */ = {isa = PBXBuildFile; fileRef = 9640E27B1D55548600719E7F /* StoreKit.framework */; };
		9640E27E1D55549200719E7F /* Foundation.framework in Frameworks */ = {isa = PBXBuildFile; fileRef = 9640E27D1D55549200719E7F /* Foundation.framework */; };
		9640E2801D5554A100719E7F /* CoreGraphics.framework in Frameworks */ = {isa = PBXBuildFile; fileRef = 9640E27F1D5554A100719E7F /* CoreGraphics.framework */; };
		9640E2821D5554AD00719E7F /* UIKit.framework in Frameworks */ = {isa = PBXBuildFile; fileRef = 9640E2811D5554AD00719E7F /* UIKit.framework */; };
		9640E2841D5554B400719E7F /* CoreMotion.framework in Frameworks */ = {isa = PBXBuildFile; fileRef = 9640E2831D5554B400719E7F /* CoreMotion.framework */; };
		96492F291D318CE6004F887C /* AppDelegate.swift in Sources */ = {isa = PBXBuildFile; fileRef = 96492F281D318CE6004F887C /* AppDelegate.swift */; };
		96492F2B1D318CE6004F887C /* GameScene.sks in Resources */ = {isa = PBXBuildFile; fileRef = 96492F2A1D318CE6004F887C /* GameScene.sks */; };
		96492F2D1D318CE6004F887C /* GameScene.swift in Sources */ = {isa = PBXBuildFile; fileRef = 96492F2C1D318CE6004F887C /* GameScene.swift */; };
		96492F2F1D318CE6004F887C /* GameViewController.swift in Sources */ = {isa = PBXBuildFile; fileRef = 96492F2E1D318CE6004F887C /* GameViewController.swift */; };
		96492F321D318CE6004F887C /* Main.storyboard in Resources */ = {isa = PBXBuildFile; fileRef = 96492F301D318CE6004F887C /* Main.storyboard */; };
		96492F341D318CE6004F887C /* Assets.xcassets in Resources */ = {isa = PBXBuildFile; fileRef = 96492F331D318CE6004F887C /* Assets.xcassets */; };
		96492F371D318CE6004F887C /* LaunchScreen.storyboard in Resources */ = {isa = PBXBuildFile; fileRef = 96492F351D318CE6004F887C /* LaunchScreen.storyboard */; };
		96492F421D318CE6004F887C /* iSoBlocksTests.swift in Sources */ = {isa = PBXBuildFile; fileRef = 96492F411D318CE6004F887C /* iSoBlocksTests.swift */; };
		96492F4D1D318CE6004F887C /* iSoBlocksUITests.swift in Sources */ = {isa = PBXBuildFile; fileRef = 96492F4C1D318CE6004F887C /* iSoBlocksUITests.swift */; };
		96492F5B1D318E8F004F887C /* Grid.swift in Sources */ = {isa = PBXBuildFile; fileRef = 96492F5A1D318E8F004F887C /* Grid.swift */; };
		96492F6E1D31BC7E004F887C /* Block.swift in Sources */ = {isa = PBXBuildFile; fileRef = 96492F6D1D31BC7E004F887C /* Block.swift */; };
		96498EBD1D5142DF0057B54C /* Title.sks in Resources */ = {isa = PBXBuildFile; fileRef = 96498EBC1D5142DF0057B54C /* Title.sks */; };
		96518AFD1D49831900BEB2FA /* clearDot.wav in Resources */ = {isa = PBXBuildFile; fileRef = 96518AFC1D49831900BEB2FA /* clearDot.wav */; };
		968914431D41461F00CD2AD6 /* UIColorExt.swift in Sources */ = {isa = PBXBuildFile; fileRef = 968914421D41461F00CD2AD6 /* UIColorExt.swift */; };
		968914471D41529500CD2AD6 /* ASAttributedLabelNode.swift in Sources */ = {isa = PBXBuildFile; fileRef = 968914461D41529500CD2AD6 /* ASAttributedLabelNode.swift */; };
		968914501D4828FB00CD2AD6 /* clearRow.caf in Resources */ = {isa = PBXBuildFile; fileRef = 9689144F1D4828FB00CD2AD6 /* clearRow.caf */; };
		968ABF101D4FF40D00776165 /* SwiftyUserDefaults.swift in Sources */ = {isa = PBXBuildFile; fileRef = 968ABF0F1D4FF40D00776165 /* SwiftyUserDefaults.swift */; };
		968ABF141D4FFE2900776165 /* GameManager.swift in Sources */ = {isa = PBXBuildFile; fileRef = 968ABF131D4FFE2900776165 /* GameManager.swift */; };
		9694340A1D5A97EF006DDF0D /* panBeep.wav in Resources */ = {isa = PBXBuildFile; fileRef = 969434091D5A97EF006DDF0D /* panBeep.wav */; };
		9694340C1D5A9C4D006DDF0D /* clearAisle.caf in Resources */ = {isa = PBXBuildFile; fileRef = 9694340B1D5A9C4D006DDF0D /* clearAisle.caf */; };
		9696507E1D5DB35E000C288B /* uhOh.caf in Resources */ = {isa = PBXBuildFile; fileRef = 9696507D1D5DB35E000C288B /* uhOh.caf */; };
		969650801D5DB638000C288B /* oops.caf in Resources */ = {isa = PBXBuildFile; fileRef = 9696507F1D5DB638000C288B /* oops.caf */; };
		969650821D5DB704000C288B /* clearAisleLow.caf in Resources */ = {isa = PBXBuildFile; fileRef = 969650811D5DB704000C288B /* clearAisleLow.caf */; };
		96A9871E1D5AB13D007B8FA9 /* Mixpanel.framework in Frameworks */ = {isa = PBXBuildFile; fileRef = 96A9871D1D5AB13D007B8FA9 /* Mixpanel.framework */; };
		96CF7FE01D4C0F070096DEF3 /* switch33.wav in Resources */ = {isa = PBXBuildFile; fileRef = 96CF7FDD1D4C0F070096DEF3 /* switch33.wav */; };
		96CF7FE11D4C0F070096DEF3 /* switch34.wav in Resources */ = {isa = PBXBuildFile; fileRef = 96CF7FDE1D4C0F070096DEF3 /* switch34.wav */; };
		96CF7FE21D4C0F070096DEF3 /* switch38.wav in Resources */ = {isa = PBXBuildFile; fileRef = 96CF7FDF1D4C0F070096DEF3 /* switch38.wav */; };
		96CF7FE61D4C0F300096DEF3 /* click1.wav in Resources */ = {isa = PBXBuildFile; fileRef = 96CF7FE31D4C0F300096DEF3 /* click1.wav */; };
		96CF7FE71D4C0F300096DEF3 /* click2.wav in Resources */ = {isa = PBXBuildFile; fileRef = 96CF7FE41D4C0F300096DEF3 /* click2.wav */; };
		96CF7FE81D4C0F300096DEF3 /* click3.wav in Resources */ = {isa = PBXBuildFile; fileRef = 96CF7FE51D4C0F300096DEF3 /* click3.wav */; };
		96CF7FEA1D4C10BC0096DEF3 /* whoosh.wav in Resources */ = {isa = PBXBuildFile; fileRef = 96CF7FE91D4C10BC0096DEF3 /* whoosh.wav */; };
		96F0BA3F1D5D0629002F8B0B /* combine.wav in Resources */ = {isa = PBXBuildFile; fileRef = 96F0BA3E1D5D0629002F8B0B /* combine.wav */; };
		96F3A4491D3E9EB900DD41D8 /* Snippets.swift in Sources */ = {isa = PBXBuildFile; fileRef = 96F3A4481D3E9EB900DD41D8 /* Snippets.swift */; };
		96F92DA11D56CFAA00063E42 /* GameTracker.swift in Sources */ = {isa = PBXBuildFile; fileRef = 96F92DA01D56CFAA00063E42 /* GameTracker.swift */; };
		EFC964404218BAA0EC862DC4 /* Pods_BloctorialsTests.framework in Frameworks */ = {isa = PBXBuildFile; fileRef = 2AAEB8356B4DB5AD3F53C551 /* Pods_BloctorialsTests.framework */; };
/* End PBXBuildFile section */

/* Begin PBXContainerItemProxy section */
		96492F3E1D318CE6004F887C /* PBXContainerItemProxy */ = {
			isa = PBXContainerItemProxy;
			containerPortal = 96492F1D1D318CE6004F887C /* Project object */;
			proxyType = 1;
			remoteGlobalIDString = 96492F241D318CE6004F887C;
			remoteInfo = iSoBlocks;
		};
		96492F491D318CE6004F887C /* PBXContainerItemProxy */ = {
			isa = PBXContainerItemProxy;
			containerPortal = 96492F1D1D318CE6004F887C /* Project object */;
			proxyType = 1;
			remoteGlobalIDString = 96492F241D318CE6004F887C;
			remoteInfo = iSoBlocks;
		};
/* End PBXContainerItemProxy section */

/* Begin PBXFileReference section */
		0FC7E809B59426BB443F913B /* Pods-BloctorialsTests.debug.xcconfig */ = {isa = PBXFileReference; includeInIndex = 1; lastKnownFileType = text.xcconfig; name = "Pods-BloctorialsTests.debug.xcconfig"; path = "Pods/Target Support Files/Pods-BloctorialsTests/Pods-BloctorialsTests.debug.xcconfig"; sourceTree = "<group>"; };
		2AAEB8356B4DB5AD3F53C551 /* Pods_BloctorialsTests.framework */ = {isa = PBXFileReference; explicitFileType = wrapper.framework; includeInIndex = 0; path = Pods_BloctorialsTests.framework; sourceTree = BUILT_PRODUCTS_DIR; };
		66D53EB5AF44E72D7BE3FEFC /* Pods-Bloctorials.debug.xcconfig */ = {isa = PBXFileReference; includeInIndex = 1; lastKnownFileType = text.xcconfig; name = "Pods-Bloctorials.debug.xcconfig"; path = "Pods/Target Support Files/Pods-Bloctorials/Pods-Bloctorials.debug.xcconfig"; sourceTree = "<group>"; };
		798AA6A40F51CA6BB56B3C58 /* Pods-Bloctorials.release.xcconfig */ = {isa = PBXFileReference; includeInIndex = 1; lastKnownFileType = text.xcconfig; name = "Pods-Bloctorials.release.xcconfig"; path = "Pods/Target Support Files/Pods-Bloctorials/Pods-Bloctorials.release.xcconfig"; sourceTree = "<group>"; };
		96044AB71D3589B90097D096 /* CGFloat+Extensions.swift */ = {isa = PBXFileReference; fileEncoding = 4; lastKnownFileType = sourcecode.swift; path = "CGFloat+Extensions.swift"; sourceTree = "<group>"; };
		96044AB81D3589B90097D096 /* CGPoint+Extensions.swift */ = {isa = PBXFileReference; fileEncoding = 4; lastKnownFileType = sourcecode.swift; path = "CGPoint+Extensions.swift"; sourceTree = "<group>"; };
		96044AB91D3589B90097D096 /* CGVector+Extensions.swift */ = {isa = PBXFileReference; fileEncoding = 4; lastKnownFileType = sourcecode.swift; path = "CGVector+Extensions.swift"; sourceTree = "<group>"; };
		96044ABA1D3589B90097D096 /* Int+Extensions.swift */ = {isa = PBXFileReference; fileEncoding = 4; lastKnownFileType = sourcecode.swift; path = "Int+Extensions.swift"; sourceTree = "<group>"; };
		96044ABB1D3589B90097D096 /* SKAction+Extensions.swift */ = {isa = PBXFileReference; fileEncoding = 4; lastKnownFileType = sourcecode.swift; path = "SKAction+Extensions.swift"; sourceTree = "<group>"; };
		96044ABC1D3589B90097D096 /* SKAction+SpecialEffects.swift */ = {isa = PBXFileReference; fileEncoding = 4; lastKnownFileType = sourcecode.swift; path = "SKAction+SpecialEffects.swift"; sourceTree = "<group>"; };
		96044ABD1D3589B90097D096 /* SKColor+Extensions.swift */ = {isa = PBXFileReference; fileEncoding = 4; lastKnownFileType = sourcecode.swift; path = "SKColor+Extensions.swift"; sourceTree = "<group>"; };
		96044ABE1D3589B90097D096 /* SKNode+Extensions.swift */ = {isa = PBXFileReference; fileEncoding = 4; lastKnownFileType = sourcecode.swift; path = "SKNode+Extensions.swift"; sourceTree = "<group>"; };
		96044ABF1D3589B90097D096 /* SKTAudio.swift */ = {isa = PBXFileReference; fileEncoding = 4; lastKnownFileType = sourcecode.swift; path = SKTAudio.swift; sourceTree = "<group>"; };
		96044AC01D3589B90097D096 /* SKTEffects.swift */ = {isa = PBXFileReference; fileEncoding = 4; lastKnownFileType = sourcecode.swift; path = SKTEffects.swift; sourceTree = "<group>"; };
		96044AC11D3589B90097D096 /* SKTTimingFunctions.swift */ = {isa = PBXFileReference; fileEncoding = 4; lastKnownFileType = sourcecode.swift; path = SKTTimingFunctions.swift; sourceTree = "<group>"; };
		96044AC21D3589B90097D096 /* Vector3.swift */ = {isa = PBXFileReference; fileEncoding = 4; lastKnownFileType = sourcecode.swift; path = Vector3.swift; sourceTree = "<group>"; };
		96044ACF1D3598330097D096 /* StageH.swift */ = {isa = PBXFileReference; fileEncoding = 4; lastKnownFileType = sourcecode.swift; path = StageH.swift; sourceTree = "<group>"; };
		96044AD11D35C53F0097D096 /* StageV.swift */ = {isa = PBXFileReference; fileEncoding = 4; lastKnownFileType = sourcecode.swift; path = StageV.swift; sourceTree = "<group>"; };
		96044AD31D35EBDD0097D096 /* MSButtonNode.swift */ = {isa = PBXFileReference; fileEncoding = 4; lastKnownFileType = sourcecode.swift; path = MSButtonNode.swift; sourceTree = "<group>"; };
		96044AD41D35EBDD0097D096 /* MSReferenceNode.swift */ = {isa = PBXFileReference; fileEncoding = 4; lastKnownFileType = sourcecode.swift; path = MSReferenceNode.swift; sourceTree = "<group>"; };
		96053A901D5837B1004E72CD /* Spark.sks */ = {isa = PBXFileReference; lastKnownFileType = file.sks; path = Spark.sks; sourceTree = "<group>"; };
		96053A911D5837B1004E72CD /* spark.png */ = {isa = PBXFileReference; lastKnownFileType = image.png; path = spark.png; sourceTree = "<group>"; };
		96053A941D596964004E72CD /* Tame Your Crickets.caf */ = {isa = PBXFileReference; lastKnownFileType = file; path = "Tame Your Crickets.caf"; sourceTree = "<group>"; };
		9640E26F1D514DF000719E7F /* Title.swift */ = {isa = PBXFileReference; fileEncoding = 4; lastKnownFileType = sourcecode.swift; lineEnding = 0; path = Title.swift; sourceTree = "<group>"; xcLanguageSpecificationIdentifier = xcode.lang.swift; };
		9640E2791D55545100719E7F /* Chartboost.framework */ = {isa = PBXFileReference; lastKnownFileType = wrapper.framework; path = Chartboost.framework; sourceTree = "<group>"; };
		9640E27B1D55548600719E7F /* StoreKit.framework */ = {isa = PBXFileReference; lastKnownFileType = wrapper.framework; name = StoreKit.framework; path = System/Library/Frameworks/StoreKit.framework; sourceTree = SDKROOT; };
		9640E27D1D55549200719E7F /* Foundation.framework */ = {isa = PBXFileReference; lastKnownFileType = wrapper.framework; name = Foundation.framework; path = System/Library/Frameworks/Foundation.framework; sourceTree = SDKROOT; };
		9640E27F1D5554A100719E7F /* CoreGraphics.framework */ = {isa = PBXFileReference; lastKnownFileType = wrapper.framework; name = CoreGraphics.framework; path = System/Library/Frameworks/CoreGraphics.framework; sourceTree = SDKROOT; };
		9640E2811D5554AD00719E7F /* UIKit.framework */ = {isa = PBXFileReference; lastKnownFileType = wrapper.framework; name = UIKit.framework; path = System/Library/Frameworks/UIKit.framework; sourceTree = SDKROOT; };
		9640E2831D5554B400719E7F /* CoreMotion.framework */ = {isa = PBXFileReference; lastKnownFileType = wrapper.framework; name = CoreMotion.framework; path = System/Library/Frameworks/CoreMotion.framework; sourceTree = SDKROOT; };
		96492F251D318CE6004F887C /* Bloctorials.app */ = {isa = PBXFileReference; explicitFileType = wrapper.application; includeInIndex = 0; path = Bloctorials.app; sourceTree = BUILT_PRODUCTS_DIR; };
		96492F281D318CE6004F887C /* AppDelegate.swift */ = {isa = PBXFileReference; lastKnownFileType = sourcecode.swift; path = AppDelegate.swift; sourceTree = "<group>"; };
		96492F2A1D318CE6004F887C /* GameScene.sks */ = {isa = PBXFileReference; lastKnownFileType = file.sks; path = GameScene.sks; sourceTree = "<group>"; };
		96492F2C1D318CE6004F887C /* GameScene.swift */ = {isa = PBXFileReference; lastKnownFileType = sourcecode.swift; lineEnding = 0; path = GameScene.swift; sourceTree = "<group>"; xcLanguageSpecificationIdentifier = xcode.lang.swift; };
		96492F2E1D318CE6004F887C /* GameViewController.swift */ = {isa = PBXFileReference; lastKnownFileType = sourcecode.swift; path = GameViewController.swift; sourceTree = "<group>"; };
		96492F311D318CE6004F887C /* Base */ = {isa = PBXFileReference; lastKnownFileType = file.storyboard; name = Base; path = Base.lproj/Main.storyboard; sourceTree = "<group>"; };
		96492F331D318CE6004F887C /* Assets.xcassets */ = {isa = PBXFileReference; lastKnownFileType = folder.assetcatalog; path = Assets.xcassets; sourceTree = "<group>"; };
		96492F361D318CE6004F887C /* Base */ = {isa = PBXFileReference; lastKnownFileType = file.storyboard; name = Base; path = Base.lproj/LaunchScreen.storyboard; sourceTree = "<group>"; };
		96492F381D318CE6004F887C /* Info.plist */ = {isa = PBXFileReference; lastKnownFileType = text.plist.xml; path = Info.plist; sourceTree = "<group>"; };
		96492F3D1D318CE6004F887C /* BloctorialsTests.xctest */ = {isa = PBXFileReference; explicitFileType = wrapper.cfbundle; includeInIndex = 0; path = BloctorialsTests.xctest; sourceTree = BUILT_PRODUCTS_DIR; };
		96492F411D318CE6004F887C /* iSoBlocksTests.swift */ = {isa = PBXFileReference; lastKnownFileType = sourcecode.swift; path = iSoBlocksTests.swift; sourceTree = "<group>"; };
		96492F431D318CE6004F887C /* Info.plist */ = {isa = PBXFileReference; lastKnownFileType = text.plist.xml; path = Info.plist; sourceTree = "<group>"; };
		96492F481D318CE6004F887C /* BloctorialsUITests.xctest */ = {isa = PBXFileReference; explicitFileType = wrapper.cfbundle; includeInIndex = 0; path = BloctorialsUITests.xctest; sourceTree = BUILT_PRODUCTS_DIR; };
		96492F4C1D318CE6004F887C /* iSoBlocksUITests.swift */ = {isa = PBXFileReference; lastKnownFileType = sourcecode.swift; path = iSoBlocksUITests.swift; sourceTree = "<group>"; };
		96492F4E1D318CE6004F887C /* Info.plist */ = {isa = PBXFileReference; lastKnownFileType = text.plist.xml; path = Info.plist; sourceTree = "<group>"; };
		96492F5A1D318E8F004F887C /* Grid.swift */ = {isa = PBXFileReference; fileEncoding = 4; lastKnownFileType = sourcecode.swift; path = Grid.swift; sourceTree = "<group>"; };
		96492F6D1D31BC7E004F887C /* Block.swift */ = {isa = PBXFileReference; fileEncoding = 4; lastKnownFileType = sourcecode.swift; path = Block.swift; sourceTree = "<group>"; };
		96498EBC1D5142DF0057B54C /* Title.sks */ = {isa = PBXFileReference; lastKnownFileType = file.sks; path = Title.sks; sourceTree = "<group>"; };
		96518AFC1D49831900BEB2FA /* clearDot.wav */ = {isa = PBXFileReference; lastKnownFileType = audio.wav; path = clearDot.wav; sourceTree = "<group>"; };
		9670F4051D555809004D04D6 /* BridgingHeader.h */ = {isa = PBXFileReference; fileEncoding = 4; lastKnownFileType = sourcecode.c.h; path = BridgingHeader.h; sourceTree = "<group>"; };
		968914421D41461F00CD2AD6 /* UIColorExt.swift */ = {isa = PBXFileReference; fileEncoding = 4; lastKnownFileType = sourcecode.swift; path = UIColorExt.swift; sourceTree = "<group>"; };
		968914461D41529500CD2AD6 /* ASAttributedLabelNode.swift */ = {isa = PBXFileReference; fileEncoding = 4; lastKnownFileType = sourcecode.swift; path = ASAttributedLabelNode.swift; sourceTree = "<group>"; };
		9689144F1D4828FB00CD2AD6 /* clearRow.caf */ = {isa = PBXFileReference; lastKnownFileType = file; path = clearRow.caf; sourceTree = "<group>"; };
		968ABF0F1D4FF40D00776165 /* SwiftyUserDefaults.swift */ = {isa = PBXFileReference; fileEncoding = 4; lastKnownFileType = sourcecode.swift; path = SwiftyUserDefaults.swift; sourceTree = "<group>"; };
		968ABF131D4FFE2900776165 /* GameManager.swift */ = {isa = PBXFileReference; fileEncoding = 4; lastKnownFileType = sourcecode.swift; path = GameManager.swift; sourceTree = "<group>"; };
		969434091D5A97EF006DDF0D /* panBeep.wav */ = {isa = PBXFileReference; lastKnownFileType = audio.wav; path = panBeep.wav; sourceTree = "<group>"; };
		9694340B1D5A9C4D006DDF0D /* clearAisle.caf */ = {isa = PBXFileReference; lastKnownFileType = file; path = clearAisle.caf; sourceTree = "<group>"; };
		9696507D1D5DB35E000C288B /* uhOh.caf */ = {isa = PBXFileReference; lastKnownFileType = file; path = uhOh.caf; sourceTree = "<group>"; };
		9696507F1D5DB638000C288B /* oops.caf */ = {isa = PBXFileReference; lastKnownFileType = file; path = oops.caf; sourceTree = "<group>"; };
		969650811D5DB704000C288B /* clearAisleLow.caf */ = {isa = PBXFileReference; lastKnownFileType = file; path = clearAisleLow.caf; sourceTree = "<group>"; };
		96A9871D1D5AB13D007B8FA9 /* Mixpanel.framework */ = {isa = PBXFileReference; lastKnownFileType = wrapper.framework; name = Mixpanel.framework; path = "../../../Library/Developer/Xcode/DerivedData/Bloctorials-bjeyejgfzrogunblfkainsayaaus/Build/Products/Debug-iphoneos/Mixpanel/Mixpanel.framework"; sourceTree = "<group>"; };
		96CF7FDD1D4C0F070096DEF3 /* switch33.wav */ = {isa = PBXFileReference; lastKnownFileType = audio.wav; path = switch33.wav; sourceTree = "<group>"; };
		96CF7FDE1D4C0F070096DEF3 /* switch34.wav */ = {isa = PBXFileReference; lastKnownFileType = audio.wav; path = switch34.wav; sourceTree = "<group>"; };
		96CF7FDF1D4C0F070096DEF3 /* switch38.wav */ = {isa = PBXFileReference; lastKnownFileType = audio.wav; path = switch38.wav; sourceTree = "<group>"; };
		96CF7FE31D4C0F300096DEF3 /* click1.wav */ = {isa = PBXFileReference; lastKnownFileType = audio.wav; path = click1.wav; sourceTree = "<group>"; };
		96CF7FE41D4C0F300096DEF3 /* click2.wav */ = {isa = PBXFileReference; lastKnownFileType = audio.wav; path = click2.wav; sourceTree = "<group>"; };
		96CF7FE51D4C0F300096DEF3 /* click3.wav */ = {isa = PBXFileReference; lastKnownFileType = audio.wav; path = click3.wav; sourceTree = "<group>"; };
		96CF7FE91D4C10BC0096DEF3 /* whoosh.wav */ = {isa = PBXFileReference; lastKnownFileType = audio.wav; path = whoosh.wav; sourceTree = "<group>"; };
		96F0BA3E1D5D0629002F8B0B /* combine.wav */ = {isa = PBXFileReference; lastKnownFileType = audio.wav; path = combine.wav; sourceTree = "<group>"; };
		96F3A4481D3E9EB900DD41D8 /* Snippets.swift */ = {isa = PBXFileReference; fileEncoding = 4; lastKnownFileType = sourcecode.swift; path = Snippets.swift; sourceTree = "<group>"; };
		96F92DA01D56CFAA00063E42 /* GameTracker.swift */ = {isa = PBXFileReference; fileEncoding = 4; lastKnownFileType = sourcecode.swift; path = GameTracker.swift; sourceTree = "<group>"; };
		C82F562FD267B1A4AA3D61D7 /* Pods_BloctorialsUITests.framework */ = {isa = PBXFileReference; explicitFileType = wrapper.framework; includeInIndex = 0; path = Pods_BloctorialsUITests.framework; sourceTree = BUILT_PRODUCTS_DIR; };
		CBEC15D598098C1EAFA07FFA /* Pods-BloctorialsUITests.debug.xcconfig */ = {isa = PBXFileReference; includeInIndex = 1; lastKnownFileType = text.xcconfig; name = "Pods-BloctorialsUITests.debug.xcconfig"; path = "Pods/Target Support Files/Pods-BloctorialsUITests/Pods-BloctorialsUITests.debug.xcconfig"; sourceTree = "<group>"; };
		CE2484CD1572AC31C43778B8 /* Pods-BloctorialsUITests.release.xcconfig */ = {isa = PBXFileReference; includeInIndex = 1; lastKnownFileType = text.xcconfig; name = "Pods-BloctorialsUITests.release.xcconfig"; path = "Pods/Target Support Files/Pods-BloctorialsUITests/Pods-BloctorialsUITests.release.xcconfig"; sourceTree = "<group>"; };
		E0F9A411BE50A2EABC31EEF9 /* Pods-BloctorialsTests.release.xcconfig */ = {isa = PBXFileReference; includeInIndex = 1; lastKnownFileType = text.xcconfig; name = "Pods-BloctorialsTests.release.xcconfig"; path = "Pods/Target Support Files/Pods-BloctorialsTests/Pods-BloctorialsTests.release.xcconfig"; sourceTree = "<group>"; };
		FA797128A9872A83F8AEE6D7 /* Pods_Bloctorials.framework */ = {isa = PBXFileReference; explicitFileType = wrapper.framework; includeInIndex = 0; path = Pods_Bloctorials.framework; sourceTree = BUILT_PRODUCTS_DIR; };
/* End PBXFileReference section */

/* Begin PBXFrameworksBuildPhase section */
		96492F221D318CE6004F887C /* Frameworks */ = {
			isa = PBXFrameworksBuildPhase;
			buildActionMask = 2147483647;
			files = (
				96A9871E1D5AB13D007B8FA9 /* Mixpanel.framework in Frameworks */,
				9640E2841D5554B400719E7F /* CoreMotion.framework in Frameworks */,
				9640E2821D5554AD00719E7F /* UIKit.framework in Frameworks */,
				9640E2801D5554A100719E7F /* CoreGraphics.framework in Frameworks */,
				9640E27E1D55549200719E7F /* Foundation.framework in Frameworks */,
				9640E27C1D55548600719E7F /* StoreKit.framework in Frameworks */,
				9640E27A1D55545300719E7F /* Chartboost.framework in Frameworks */,
				15365A7BB2CF8DD8A4B82E40 /* Pods_Bloctorials.framework in Frameworks */,
			);
			runOnlyForDeploymentPostprocessing = 0;
		};
		96492F3A1D318CE6004F887C /* Frameworks */ = {
			isa = PBXFrameworksBuildPhase;
			buildActionMask = 2147483647;
			files = (
				EFC964404218BAA0EC862DC4 /* Pods_BloctorialsTests.framework in Frameworks */,
			);
			runOnlyForDeploymentPostprocessing = 0;
		};
		96492F451D318CE6004F887C /* Frameworks */ = {
			isa = PBXFrameworksBuildPhase;
			buildActionMask = 2147483647;
			files = (
				78F6D4D10B2423525EC40C9A /* Pods_BloctorialsUITests.framework in Frameworks */,
			);
			runOnlyForDeploymentPostprocessing = 0;
		};
/* End PBXFrameworksBuildPhase section */

/* Begin PBXGroup section */
		23D9A9E4A16C1E8E6DB8489D /* Pods */ = {
			isa = PBXGroup;
			children = (
				66D53EB5AF44E72D7BE3FEFC /* Pods-Bloctorials.debug.xcconfig */,
				798AA6A40F51CA6BB56B3C58 /* Pods-Bloctorials.release.xcconfig */,
				0FC7E809B59426BB443F913B /* Pods-BloctorialsTests.debug.xcconfig */,
				E0F9A411BE50A2EABC31EEF9 /* Pods-BloctorialsTests.release.xcconfig */,
				CBEC15D598098C1EAFA07FFA /* Pods-BloctorialsUITests.debug.xcconfig */,
				CE2484CD1572AC31C43778B8 /* Pods-BloctorialsUITests.release.xcconfig */,
			);
			name = Pods;
			sourceTree = "<group>";
		};
		96044AB61D3589B90097D096 /* SKTUtils */ = {
			isa = PBXGroup;
			children = (
				96044AB71D3589B90097D096 /* CGFloat+Extensions.swift */,
				96044AB81D3589B90097D096 /* CGPoint+Extensions.swift */,
				96044AB91D3589B90097D096 /* CGVector+Extensions.swift */,
				96044ABA1D3589B90097D096 /* Int+Extensions.swift */,
				96044ABB1D3589B90097D096 /* SKAction+Extensions.swift */,
				96044ABC1D3589B90097D096 /* SKAction+SpecialEffects.swift */,
				96044ABD1D3589B90097D096 /* SKColor+Extensions.swift */,
				96044ABE1D3589B90097D096 /* SKNode+Extensions.swift */,
				96044ABF1D3589B90097D096 /* SKTAudio.swift */,
				96044AC01D3589B90097D096 /* SKTEffects.swift */,
				96044AC11D3589B90097D096 /* SKTTimingFunctions.swift */,
				96044AC21D3589B90097D096 /* Vector3.swift */,
			);
			path = SKTUtils;
			sourceTree = "<group>";
		};
		9640E2851D5554D300719E7F /* Frameworks */ = {
			isa = PBXGroup;
			children = (
				9640E2831D5554B400719E7F /* CoreMotion.framework */,
				9640E2811D5554AD00719E7F /* UIKit.framework */,
				9640E27F1D5554A100719E7F /* CoreGraphics.framework */,
				9640E27D1D55549200719E7F /* Foundation.framework */,
				9640E27B1D55548600719E7F /* StoreKit.framework */,
				9640E2791D55545100719E7F /* Chartboost.framework */,
			);
			name = Frameworks;
			sourceTree = "<group>";
		};
		96492F1C1D318CE6004F887C = {
			isa = PBXGroup;
			children = (
				96492F271D318CE6004F887C /* Bloctorials */,
				96492F401D318CE6004F887C /* iSoBlocksTests */,
				96492F4B1D318CE6004F887C /* iSoBlocksUITests */,
				96492F261D318CE6004F887C /* Products */,
				23D9A9E4A16C1E8E6DB8489D /* Pods */,
				A3A1161F4BF2EF5177BA8A35 /* Frameworks */,
			);
			sourceTree = "<group>";
		};
		96492F261D318CE6004F887C /* Products */ = {
			isa = PBXGroup;
			children = (
				96492F251D318CE6004F887C /* Bloctorials.app */,
				96492F3D1D318CE6004F887C /* BloctorialsTests.xctest */,
				96492F481D318CE6004F887C /* BloctorialsUITests.xctest */,
			);
			name = Products;
			sourceTree = "<group>";
		};
		96492F271D318CE6004F887C /* Bloctorials */ = {
			isa = PBXGroup;
			children = (
				96492F281D318CE6004F887C /* AppDelegate.swift */,
				96492F2E1D318CE6004F887C /* GameViewController.swift */,
				96492F6D1D31BC7E004F887C /* Block.swift */,
				96492F5A1D318E8F004F887C /* Grid.swift */,
				96044ACF1D3598330097D096 /* StageH.swift */,
				96044AD11D35C53F0097D096 /* StageV.swift */,
				96498EBB1D5142A90057B54C /* Scenes */,
				968ABF0E1D4FF3FB00776165 /* GameManager */,
				9670F4051D555809004D04D6 /* BridgingHeader.h */,
				9670F4181D55AD6F004D04D6 /* Assets.atlas */,
				96044AB61D3589B90097D096 /* SKTUtils */,
				96044AD31D35EBDD0097D096 /* MSButtonNode.swift */,
				96044AD41D35EBDD0097D096 /* MSReferenceNode.swift */,
				968914421D41461F00CD2AD6 /* UIColorExt.swift */,
				96F3A4481D3E9EB900DD41D8 /* Snippets.swift */,
				968914461D41529500CD2AD6 /* ASAttributedLabelNode.swift */,
				96492F301D318CE6004F887C /* Main.storyboard */,
				9640E2851D5554D300719E7F /* Frameworks */,
				96492F331D318CE6004F887C /* Assets.xcassets */,
				96492F351D318CE6004F887C /* LaunchScreen.storyboard */,
				9689144B1D481C0B00CD2AD6 /* SFX */,
				96492F381D318CE6004F887C /* Info.plist */,
			);
			name = Bloctorials;
			path = iSoBlocks;
			sourceTree = "<group>";
		};
		96492F401D318CE6004F887C /* iSoBlocksTests */ = {
			isa = PBXGroup;
			children = (
				96492F411D318CE6004F887C /* iSoBlocksTests.swift */,
				96492F431D318CE6004F887C /* Info.plist */,
			);
			path = iSoBlocksTests;
			sourceTree = "<group>";
		};
		96492F4B1D318CE6004F887C /* iSoBlocksUITests */ = {
			isa = PBXGroup;
			children = (
				96492F4C1D318CE6004F887C /* iSoBlocksUITests.swift */,
				96492F4E1D318CE6004F887C /* Info.plist */,
			);
			path = iSoBlocksUITests;
			sourceTree = "<group>";
		};
		96498EBB1D5142A90057B54C /* Scenes */ = {
			isa = PBXGroup;
			children = (
				96492F2A1D318CE6004F887C /* GameScene.sks */,
				96492F2C1D318CE6004F887C /* GameScene.swift */,
				96053A901D5837B1004E72CD /* Spark.sks */,
				96053A911D5837B1004E72CD /* spark.png */,
				96498EBC1D5142DF0057B54C /* Title.sks */,
				9640E26F1D514DF000719E7F /* Title.swift */,
			);
			name = Scenes;
			sourceTree = "<group>";
		};
		9670F4181D55AD6F004D04D6 /* Assets.atlas */ = {
			isa = PBXGroup;
			children = (
			);
			name = Assets.atlas;
			sourceTree = "<group>";
		};
		9689144B1D481C0B00CD2AD6 /* SFX */ = {
			isa = PBXGroup;
			children = (
				9696507F1D5DB638000C288B /* oops.caf */,
				9696507D1D5DB35E000C288B /* uhOh.caf */,
				96F0BA3E1D5D0629002F8B0B /* combine.wav */,
				969434091D5A97EF006DDF0D /* panBeep.wav */,
				969650811D5DB704000C288B /* clearAisleLow.caf */,
				9694340B1D5A9C4D006DDF0D /* clearAisle.caf */,
				96053A941D596964004E72CD /* Tame Your Crickets.caf */,
				96CF7FE31D4C0F300096DEF3 /* click1.wav */,
				96CF7FE41D4C0F300096DEF3 /* click2.wav */,
				96CF7FE51D4C0F300096DEF3 /* click3.wav */,
				96CF7FDD1D4C0F070096DEF3 /* switch33.wav */,
				96CF7FDE1D4C0F070096DEF3 /* switch34.wav */,
				96CF7FDF1D4C0F070096DEF3 /* switch38.wav */,
				96518AFC1D49831900BEB2FA /* clearDot.wav */,
				9689144F1D4828FB00CD2AD6 /* clearRow.caf */,
				96CF7FE91D4C10BC0096DEF3 /* whoosh.wav */,
			);
			name = SFX;
			sourceTree = "<group>";
		};
		968ABF0E1D4FF3FB00776165 /* GameManager */ = {
			isa = PBXGroup;
			children = (
				96F92DA01D56CFAA00063E42 /* GameTracker.swift */,
				968ABF0F1D4FF40D00776165 /* SwiftyUserDefaults.swift */,
				968ABF131D4FFE2900776165 /* GameManager.swift */,
			);
			name = GameManager;
			sourceTree = "<group>";
		};
		A3A1161F4BF2EF5177BA8A35 /* Frameworks */ = {
			isa = PBXGroup;
			children = (
				96A9871D1D5AB13D007B8FA9 /* Mixpanel.framework */,
				FA797128A9872A83F8AEE6D7 /* Pods_Bloctorials.framework */,
				2AAEB8356B4DB5AD3F53C551 /* Pods_BloctorialsTests.framework */,
				C82F562FD267B1A4AA3D61D7 /* Pods_BloctorialsUITests.framework */,
			);
			name = Frameworks;
			sourceTree = "<group>";
		};
/* End PBXGroup section */

/* Begin PBXNativeTarget section */
		96492F241D318CE6004F887C /* Bloctorials */ = {
			isa = PBXNativeTarget;
			buildConfigurationList = 96492F511D318CE6004F887C /* Build configuration list for PBXNativeTarget "Bloctorials" */;
			buildPhases = (
				08AC44A06C2E3926215D1C74 /* [CP] Check Pods Manifest.lock */,
				96492F211D318CE6004F887C /* Sources */,
				96492F221D318CE6004F887C /* Frameworks */,
				96492F231D318CE6004F887C /* Resources */,
				012CD226C5694F84CE85C6B4 /* [CP] Embed Pods Frameworks */,
				9342A788E54DA62863C98603 /* [CP] Copy Pods Resources */,
			);
			buildRules = (
			);
			dependencies = (
			);
			name = Bloctorials;
			productName = iSoBlocks;
			productReference = 96492F251D318CE6004F887C /* Bloctorials.app */;
			productType = "com.apple.product-type.application";
		};
		96492F3C1D318CE6004F887C /* BloctorialsTests */ = {
			isa = PBXNativeTarget;
			buildConfigurationList = 96492F541D318CE6004F887C /* Build configuration list for PBXNativeTarget "BloctorialsTests" */;
			buildPhases = (
				94FAF28465A6923113523830 /* [CP] Check Pods Manifest.lock */,
				96492F391D318CE6004F887C /* Sources */,
				96492F3A1D318CE6004F887C /* Frameworks */,
				96492F3B1D318CE6004F887C /* Resources */,
				D2662113D23E02085562FC78 /* [CP] Embed Pods Frameworks */,
				AA5A9FE5C0BC12D4960D90CF /* [CP] Copy Pods Resources */,
			);
			buildRules = (
			);
			dependencies = (
				96492F3F1D318CE6004F887C /* PBXTargetDependency */,
			);
			name = BloctorialsTests;
			productName = iSoBlocksTests;
			productReference = 96492F3D1D318CE6004F887C /* BloctorialsTests.xctest */;
			productType = "com.apple.product-type.bundle.unit-test";
		};
		96492F471D318CE6004F887C /* BloctorialsUITests */ = {
			isa = PBXNativeTarget;
			buildConfigurationList = 96492F571D318CE6004F887C /* Build configuration list for PBXNativeTarget "BloctorialsUITests" */;
			buildPhases = (
				EFF0B92515D6CC60760528E0 /* [CP] Check Pods Manifest.lock */,
				96492F441D318CE6004F887C /* Sources */,
				96492F451D318CE6004F887C /* Frameworks */,
				96492F461D318CE6004F887C /* Resources */,
				73481B2306B408169C31F1DC /* [CP] Copy Pods Resources */,
			);
			buildRules = (
			);
			dependencies = (
				96492F4A1D318CE6004F887C /* PBXTargetDependency */,
			);
			name = BloctorialsUITests;
			productName = iSoBlocksUITests;
			productReference = 96492F481D318CE6004F887C /* BloctorialsUITests.xctest */;
			productType = "com.apple.product-type.bundle.ui-testing";
		};
/* End PBXNativeTarget section */

/* Begin PBXProject section */
		96492F1D1D318CE6004F887C /* Project object */ = {
			isa = PBXProject;
			attributes = {
				LastSwiftUpdateCheck = 0730;
				LastUpgradeCheck = 0730;
				ORGANIZATIONNAME = "Ssos Games";
				TargetAttributes = {
					96492F241D318CE6004F887C = {
						CreatedOnToolsVersion = 7.3.1;
						DevelopmentTeam = U7U4U44M6F;
					};
					96492F3C1D318CE6004F887C = {
						CreatedOnToolsVersion = 7.3.1;
						TestTargetID = 96492F241D318CE6004F887C;
					};
					96492F471D318CE6004F887C = {
						CreatedOnToolsVersion = 7.3.1;
						TestTargetID = 96492F241D318CE6004F887C;
					};
				};
			};
			buildConfigurationList = 96492F201D318CE6004F887C /* Build configuration list for PBXProject "Bloctorials" */;
			compatibilityVersion = "Xcode 3.2";
			developmentRegion = English;
			hasScannedForEncodings = 0;
			knownRegions = (
				en,
				Base,
			);
			mainGroup = 96492F1C1D318CE6004F887C;
			productRefGroup = 96492F261D318CE6004F887C /* Products */;
			projectDirPath = "";
			projectRoot = "";
			targets = (
				96492F241D318CE6004F887C /* Bloctorials */,
				96492F3C1D318CE6004F887C /* BloctorialsTests */,
				96492F471D318CE6004F887C /* BloctorialsUITests */,
			);
		};
/* End PBXProject section */

/* Begin PBXResourcesBuildPhase section */
		96492F231D318CE6004F887C /* Resources */ = {
			isa = PBXResourcesBuildPhase;
			buildActionMask = 2147483647;
			files = (
				9694340A1D5A97EF006DDF0D /* panBeep.wav in Resources */,
				96492F2B1D318CE6004F887C /* GameScene.sks in Resources */,
				96CF7FE01D4C0F070096DEF3 /* switch33.wav in Resources */,
				96CF7FE11D4C0F070096DEF3 /* switch34.wav in Resources */,
				96CF7FE71D4C0F300096DEF3 /* click2.wav in Resources */,
				96492F371D318CE6004F887C /* LaunchScreen.storyboard in Resources */,
				96498EBD1D5142DF0057B54C /* Title.sks in Resources */,
				96CF7FE21D4C0F070096DEF3 /* switch38.wav in Resources */,
				9696507E1D5DB35E000C288B /* uhOh.caf in Resources */,
				96492F341D318CE6004F887C /* Assets.xcassets in Resources */,
				96518AFD1D49831900BEB2FA /* clearDot.wav in Resources */,
				96492F321D318CE6004F887C /* Main.storyboard in Resources */,
				968914501D4828FB00CD2AD6 /* clearRow.caf in Resources */,
				96053A921D5837B1004E72CD /* Spark.sks in Resources */,
				96CF7FE61D4C0F300096DEF3 /* click1.wav in Resources */,
				96053A931D5837B1004E72CD /* spark.png in Resources */,
				969650821D5DB704000C288B /* clearAisleLow.caf in Resources */,
				9694340C1D5A9C4D006DDF0D /* clearAisle.caf in Resources */,
				96CF7FEA1D4C10BC0096DEF3 /* whoosh.wav in Resources */,
				969650801D5DB638000C288B /* oops.caf in Resources */,
				96CF7FE81D4C0F300096DEF3 /* click3.wav in Resources */,
				96F0BA3F1D5D0629002F8B0B /* combine.wav in Resources */,
			);
			runOnlyForDeploymentPostprocessing = 0;
		};
		96492F3B1D318CE6004F887C /* Resources */ = {
			isa = PBXResourcesBuildPhase;
			buildActionMask = 2147483647;
			files = (
			);
			runOnlyForDeploymentPostprocessing = 0;
		};
		96492F461D318CE6004F887C /* Resources */ = {
			isa = PBXResourcesBuildPhase;
			buildActionMask = 2147483647;
			files = (
			);
			runOnlyForDeploymentPostprocessing = 0;
		};
/* End PBXResourcesBuildPhase section */

/* Begin PBXShellScriptBuildPhase section */
		012CD226C5694F84CE85C6B4 /* [CP] Embed Pods Frameworks */ = {
			isa = PBXShellScriptBuildPhase;
			buildActionMask = 2147483647;
			files = (
			);
			inputPaths = (
			);
			name = "[CP] Embed Pods Frameworks";
			outputPaths = (
			);
			runOnlyForDeploymentPostprocessing = 0;
			shellPath = /bin/sh;
			shellScript = "\"${SRCROOT}/Pods/Target Support Files/Pods-Bloctorials/Pods-Bloctorials-frameworks.sh\"\n";
			showEnvVarsInLog = 0;
		};
		08AC44A06C2E3926215D1C74 /* [CP] Check Pods Manifest.lock */ = {
			isa = PBXShellScriptBuildPhase;
			buildActionMask = 2147483647;
			files = (
			);
			inputPaths = (
			);
			name = "[CP] Check Pods Manifest.lock";
			outputPaths = (
			);
			runOnlyForDeploymentPostprocessing = 0;
			shellPath = /bin/sh;
			shellScript = "diff \"${PODS_ROOT}/../Podfile.lock\" \"${PODS_ROOT}/Manifest.lock\" > /dev/null\nif [[ $? != 0 ]] ; then\n    cat << EOM\nerror: The sandbox is not in sync with the Podfile.lock. Run 'pod install' or update your CocoaPods installation.\nEOM\n    exit 1\nfi\n";
			showEnvVarsInLog = 0;
		};
		73481B2306B408169C31F1DC /* [CP] Copy Pods Resources */ = {
			isa = PBXShellScriptBuildPhase;
			buildActionMask = 2147483647;
			files = (
			);
			inputPaths = (
			);
			name = "[CP] Copy Pods Resources";
			outputPaths = (
			);
			runOnlyForDeploymentPostprocessing = 0;
			shellPath = /bin/sh;
			shellScript = "\"${SRCROOT}/Pods/Target Support Files/Pods-BloctorialsUITests/Pods-BloctorialsUITests-resources.sh\"\n";
			showEnvVarsInLog = 0;
		};
		9342A788E54DA62863C98603 /* [CP] Copy Pods Resources */ = {
			isa = PBXShellScriptBuildPhase;
			buildActionMask = 2147483647;
			files = (
			);
			inputPaths = (
			);
			name = "[CP] Copy Pods Resources";
			outputPaths = (
			);
			runOnlyForDeploymentPostprocessing = 0;
			shellPath = /bin/sh;
			shellScript = "\"${SRCROOT}/Pods/Target Support Files/Pods-Bloctorials/Pods-Bloctorials-resources.sh\"\n";
			showEnvVarsInLog = 0;
		};
		94FAF28465A6923113523830 /* [CP] Check Pods Manifest.lock */ = {
			isa = PBXShellScriptBuildPhase;
			buildActionMask = 2147483647;
			files = (
			);
			inputPaths = (
			);
			name = "[CP] Check Pods Manifest.lock";
			outputPaths = (
			);
			runOnlyForDeploymentPostprocessing = 0;
			shellPath = /bin/sh;
			shellScript = "diff \"${PODS_ROOT}/../Podfile.lock\" \"${PODS_ROOT}/Manifest.lock\" > /dev/null\nif [[ $? != 0 ]] ; then\n    cat << EOM\nerror: The sandbox is not in sync with the Podfile.lock. Run 'pod install' or update your CocoaPods installation.\nEOM\n    exit 1\nfi\n";
			showEnvVarsInLog = 0;
		};
		AA5A9FE5C0BC12D4960D90CF /* [CP] Copy Pods Resources */ = {
			isa = PBXShellScriptBuildPhase;
			buildActionMask = 2147483647;
			files = (
			);
			inputPaths = (
			);
			name = "[CP] Copy Pods Resources";
			outputPaths = (
			);
			runOnlyForDeploymentPostprocessing = 0;
			shellPath = /bin/sh;
			shellScript = "\"${SRCROOT}/Pods/Target Support Files/Pods-BloctorialsTests/Pods-BloctorialsTests-resources.sh\"\n";
			showEnvVarsInLog = 0;
		};
		D2662113D23E02085562FC78 /* [CP] Embed Pods Frameworks */ = {
			isa = PBXShellScriptBuildPhase;
			buildActionMask = 2147483647;
			files = (
			);
			inputPaths = (
			);
			name = "[CP] Embed Pods Frameworks";
			outputPaths = (
			);
			runOnlyForDeploymentPostprocessing = 0;
			shellPath = /bin/sh;
			shellScript = "\"${SRCROOT}/Pods/Target Support Files/Pods-BloctorialsTests/Pods-BloctorialsTests-frameworks.sh\"\n";
			showEnvVarsInLog = 0;
		};
		EFF0B92515D6CC60760528E0 /* [CP] Check Pods Manifest.lock */ = {
			isa = PBXShellScriptBuildPhase;
			buildActionMask = 2147483647;
			files = (
			);
			inputPaths = (
			);
			name = "[CP] Check Pods Manifest.lock";
			outputPaths = (
			);
			runOnlyForDeploymentPostprocessing = 0;
			shellPath = /bin/sh;
			shellScript = "diff \"${PODS_ROOT}/../Podfile.lock\" \"${PODS_ROOT}/Manifest.lock\" > /dev/null\nif [[ $? != 0 ]] ; then\n    cat << EOM\nerror: The sandbox is not in sync with the Podfile.lock. Run 'pod install' or update your CocoaPods installation.\nEOM\n    exit 1\nfi\n";
			showEnvVarsInLog = 0;
		};
/* End PBXShellScriptBuildPhase section */

/* Begin PBXSourcesBuildPhase section */
		96492F211D318CE6004F887C /* Sources */ = {
			isa = PBXSourcesBuildPhase;
			buildActionMask = 2147483647;
			files = (
				96492F2D1D318CE6004F887C /* GameScene.swift in Sources */,
				9640E2701D514DF000719E7F /* Title.swift in Sources */,
				96044ACD1D3589B90097D096 /* SKTTimingFunctions.swift in Sources */,
				96492F2F1D318CE6004F887C /* GameViewController.swift in Sources */,
				96044AC51D3589B90097D096 /* CGVector+Extensions.swift in Sources */,
				96044AC41D3589B90097D096 /* CGPoint+Extensions.swift in Sources */,
				96F92DA11D56CFAA00063E42 /* GameTracker.swift in Sources */,
				968ABF101D4FF40D00776165 /* SwiftyUserDefaults.swift in Sources */,
				968914471D41529500CD2AD6 /* ASAttributedLabelNode.swift in Sources */,
				96044AC31D3589B90097D096 /* CGFloat+Extensions.swift in Sources */,
				96492F6E1D31BC7E004F887C /* Block.swift in Sources */,
				96044ACB1D3589B90097D096 /* SKTAudio.swift in Sources */,
				96044AD01D3598330097D096 /* StageH.swift in Sources */,
				968914431D41461F00CD2AD6 /* UIColorExt.swift in Sources */,
				96F3A4491D3E9EB900DD41D8 /* Snippets.swift in Sources */,
				96492F291D318CE6004F887C /* AppDelegate.swift in Sources */,
				968ABF141D4FFE2900776165 /* GameManager.swift in Sources */,
				96044ACA1D3589B90097D096 /* SKNode+Extensions.swift in Sources */,
				96044AC71D3589B90097D096 /* SKAction+Extensions.swift in Sources */,
				96044AC81D3589B90097D096 /* SKAction+SpecialEffects.swift in Sources */,
				96044AD21D35C53F0097D096 /* StageV.swift in Sources */,
				96044AD61D35EBDD0097D096 /* MSReferenceNode.swift in Sources */,
				96492F5B1D318E8F004F887C /* Grid.swift in Sources */,
				96044ACC1D3589B90097D096 /* SKTEffects.swift in Sources */,
				96044AC61D3589B90097D096 /* Int+Extensions.swift in Sources */,
				96044ACE1D3589B90097D096 /* Vector3.swift in Sources */,
				96044AC91D3589B90097D096 /* SKColor+Extensions.swift in Sources */,
				96044AD51D35EBDD0097D096 /* MSButtonNode.swift in Sources */,
			);
			runOnlyForDeploymentPostprocessing = 0;
		};
		96492F391D318CE6004F887C /* Sources */ = {
			isa = PBXSourcesBuildPhase;
			buildActionMask = 2147483647;
			files = (
				96492F421D318CE6004F887C /* iSoBlocksTests.swift in Sources */,
			);
			runOnlyForDeploymentPostprocessing = 0;
		};
		96492F441D318CE6004F887C /* Sources */ = {
			isa = PBXSourcesBuildPhase;
			buildActionMask = 2147483647;
			files = (
				96492F4D1D318CE6004F887C /* iSoBlocksUITests.swift in Sources */,
			);
			runOnlyForDeploymentPostprocessing = 0;
		};
/* End PBXSourcesBuildPhase section */

/* Begin PBXTargetDependency section */
		96492F3F1D318CE6004F887C /* PBXTargetDependency */ = {
			isa = PBXTargetDependency;
			target = 96492F241D318CE6004F887C /* Bloctorials */;
			targetProxy = 96492F3E1D318CE6004F887C /* PBXContainerItemProxy */;
		};
		96492F4A1D318CE6004F887C /* PBXTargetDependency */ = {
			isa = PBXTargetDependency;
			target = 96492F241D318CE6004F887C /* Bloctorials */;
			targetProxy = 96492F491D318CE6004F887C /* PBXContainerItemProxy */;
		};
/* End PBXTargetDependency section */

/* Begin PBXVariantGroup section */
		96492F301D318CE6004F887C /* Main.storyboard */ = {
			isa = PBXVariantGroup;
			children = (
				96492F311D318CE6004F887C /* Base */,
			);
			name = Main.storyboard;
			sourceTree = "<group>";
		};
		96492F351D318CE6004F887C /* LaunchScreen.storyboard */ = {
			isa = PBXVariantGroup;
			children = (
				96492F361D318CE6004F887C /* Base */,
			);
			name = LaunchScreen.storyboard;
			sourceTree = "<group>";
		};
/* End PBXVariantGroup section */

/* Begin XCBuildConfiguration section */
		96492F4F1D318CE6004F887C /* Debug */ = {
			isa = XCBuildConfiguration;
			buildSettings = {
				ALWAYS_SEARCH_USER_PATHS = NO;
				CLANG_ANALYZER_NONNULL = YES;
				CLANG_CXX_LANGUAGE_STANDARD = "gnu++0x";
				CLANG_CXX_LIBRARY = "libc++";
				CLANG_ENABLE_MODULES = YES;
				CLANG_ENABLE_OBJC_ARC = YES;
				CLANG_WARN_BOOL_CONVERSION = YES;
				CLANG_WARN_CONSTANT_CONVERSION = YES;
				CLANG_WARN_DIRECT_OBJC_ISA_USAGE = YES_ERROR;
				CLANG_WARN_EMPTY_BODY = YES;
				CLANG_WARN_ENUM_CONVERSION = YES;
				CLANG_WARN_INT_CONVERSION = YES;
				CLANG_WARN_OBJC_ROOT_CLASS = YES_ERROR;
				CLANG_WARN_UNREACHABLE_CODE = YES;
				CLANG_WARN__DUPLICATE_METHOD_MATCH = YES;
				"CODE_SIGN_IDENTITY[sdk=iphoneos*]" = "iPhone Developer";
				COPY_PHASE_STRIP = NO;
				DEBUG_INFORMATION_FORMAT = "dwarf-with-dsym";
				ENABLE_STRICT_OBJC_MSGSEND = YES;
				ENABLE_TESTABILITY = YES;
				GCC_C_LANGUAGE_STANDARD = gnu99;
				GCC_DYNAMIC_NO_PIC = NO;
				GCC_NO_COMMON_BLOCKS = YES;
				GCC_OPTIMIZATION_LEVEL = 0;
				GCC_PREPROCESSOR_DEFINITIONS = (
					"DEBUG=1",
					"$(inherited)",
				);
				GCC_WARN_64_TO_32_BIT_CONVERSION = YES;
				GCC_WARN_ABOUT_RETURN_TYPE = YES_ERROR;
				GCC_WARN_UNDECLARED_SELECTOR = YES;
				GCC_WARN_UNINITIALIZED_AUTOS = YES_AGGRESSIVE;
				GCC_WARN_UNUSED_FUNCTION = YES;
				GCC_WARN_UNUSED_VARIABLE = YES;
				IPHONEOS_DEPLOYMENT_TARGET = 9.3;
				MTL_ENABLE_DEBUG_INFO = YES;
				ONLY_ACTIVE_ARCH = YES;
				SDKROOT = iphoneos;
				SWIFT_OBJC_BRIDGING_HEADER = "$(PROJECT_DIR)/BridgingHeader.h";
				SWIFT_OPTIMIZATION_LEVEL = "-Onone";
				TARGETED_DEVICE_FAMILY = "1,2";
			};
			name = Debug;
		};
		96492F501D318CE6004F887C /* Release */ = {
			isa = XCBuildConfiguration;
			buildSettings = {
				ALWAYS_SEARCH_USER_PATHS = NO;
				CLANG_ANALYZER_NONNULL = YES;
				CLANG_CXX_LANGUAGE_STANDARD = "gnu++0x";
				CLANG_CXX_LIBRARY = "libc++";
				CLANG_ENABLE_MODULES = YES;
				CLANG_ENABLE_OBJC_ARC = YES;
				CLANG_WARN_BOOL_CONVERSION = YES;
				CLANG_WARN_CONSTANT_CONVERSION = YES;
				CLANG_WARN_DIRECT_OBJC_ISA_USAGE = YES_ERROR;
				CLANG_WARN_EMPTY_BODY = YES;
				CLANG_WARN_ENUM_CONVERSION = YES;
				CLANG_WARN_INT_CONVERSION = YES;
				CLANG_WARN_OBJC_ROOT_CLASS = YES_ERROR;
				CLANG_WARN_UNREACHABLE_CODE = YES;
				CLANG_WARN__DUPLICATE_METHOD_MATCH = YES;
				"CODE_SIGN_IDENTITY[sdk=iphoneos*]" = "iPhone Developer";
				COPY_PHASE_STRIP = NO;
				DEBUG_INFORMATION_FORMAT = "dwarf-with-dsym";
				ENABLE_NS_ASSERTIONS = NO;
				ENABLE_STRICT_OBJC_MSGSEND = YES;
				GCC_C_LANGUAGE_STANDARD = gnu99;
				GCC_NO_COMMON_BLOCKS = YES;
				GCC_WARN_64_TO_32_BIT_CONVERSION = YES;
				GCC_WARN_ABOUT_RETURN_TYPE = YES_ERROR;
				GCC_WARN_UNDECLARED_SELECTOR = YES;
				GCC_WARN_UNINITIALIZED_AUTOS = YES_AGGRESSIVE;
				GCC_WARN_UNUSED_FUNCTION = YES;
				GCC_WARN_UNUSED_VARIABLE = YES;
				IPHONEOS_DEPLOYMENT_TARGET = 9.3;
				MTL_ENABLE_DEBUG_INFO = NO;
				SDKROOT = iphoneos;
				SWIFT_OBJC_BRIDGING_HEADER = "$(PROJECT_DIR)/BridgingHeader.h";
				TARGETED_DEVICE_FAMILY = "1,2";
				VALIDATE_PRODUCT = YES;
			};
			name = Release;
		};
		96492F521D318CE6004F887C /* Debug */ = {
			isa = XCBuildConfiguration;
			baseConfigurationReference = 66D53EB5AF44E72D7BE3FEFC /* Pods-Bloctorials.debug.xcconfig */;
			buildSettings = {
				ASSETCATALOG_COMPILER_APPICON_NAME = AppIcon;
				CODE_SIGN_IDENTITY = "";
				"CODE_SIGN_IDENTITY[sdk=iphoneos*]" = "";
				FRAMEWORK_SEARCH_PATHS = (
					"$(inherited)",
					"$(PROJECT_DIR)/iSoBlocks",
				);
				INFOPLIST_FILE = iSoBlocks/Info.plist;
				LD_RUNPATH_SEARCH_PATHS = "$(inherited) @executable_path/Frameworks";
				PRODUCT_BUNDLE_IDENTIFIER = com.SsosSoft.Bloctorials;
				PRODUCT_NAME = "$(TARGET_NAME)";
				PROVISIONING_PROFILE = "85707089-ad96-40df-962a-1b698c6d7b53";
				SWIFT_OBJC_BRIDGING_HEADER = "$(PROJECT_DIR)/iSoBlocks/BridgingHeader.h";
				TARGETED_DEVICE_FAMILY = 1;
			};
			name = Debug;
		};
		96492F531D318CE6004F887C /* Release */ = {
			isa = XCBuildConfiguration;
			baseConfigurationReference = 798AA6A40F51CA6BB56B3C58 /* Pods-Bloctorials.release.xcconfig */;
			buildSettings = {
				ASSETCATALOG_COMPILER_APPICON_NAME = AppIcon;
				CODE_SIGN_IDENTITY = "";
				"CODE_SIGN_IDENTITY[sdk=iphoneos*]" = "";
				FRAMEWORK_SEARCH_PATHS = (
					"$(inherited)",
					"$(PROJECT_DIR)/iSoBlocks",
				);
				INFOPLIST_FILE = iSoBlocks/Info.plist;
				LD_RUNPATH_SEARCH_PATHS = "$(inherited) @executable_path/Frameworks";
				PRODUCT_BUNDLE_IDENTIFIER = com.SsosSoft.Bloctorials;
				PRODUCT_NAME = "$(TARGET_NAME)";
				PROVISIONING_PROFILE = "85707089-ad96-40df-962a-1b698c6d7b53";
				SWIFT_OBJC_BRIDGING_HEADER = "$(PROJECT_DIR)/iSoBlocks/BridgingHeader.h";
				TARGETED_DEVICE_FAMILY = 1;
			};
			name = Release;
		};
		96492F551D318CE6004F887C /* Debug */ = {
			isa = XCBuildConfiguration;
			baseConfigurationReference = 0FC7E809B59426BB443F913B /* Pods-BloctorialsTests.debug.xcconfig */;
			buildSettings = {
				BUNDLE_LOADER = "$(TEST_HOST)";
				DEBUG_INFORMATION_FORMAT = dwarf;
				INFOPLIST_FILE = iSoBlocksTests/Info.plist;
				LD_RUNPATH_SEARCH_PATHS = "$(inherited) @executable_path/Frameworks @loader_path/Frameworks";
				PRODUCT_BUNDLE_IDENTIFIER = com.Ssos.iSoBlocksTests;
				PRODUCT_NAME = "$(TARGET_NAME)";
				TEST_HOST = "$(BUILT_PRODUCTS_DIR)/iSoBlocks.app/iSoBlocks";
			};
			name = Debug;
		};
		96492F561D318CE6004F887C /* Release */ = {
			isa = XCBuildConfiguration;
			baseConfigurationReference = E0F9A411BE50A2EABC31EEF9 /* Pods-BloctorialsTests.release.xcconfig */;
			buildSettings = {
				BUNDLE_LOADER = "$(TEST_HOST)";
				INFOPLIST_FILE = iSoBlocksTests/Info.plist;
				LD_RUNPATH_SEARCH_PATHS = "$(inherited) @executable_path/Frameworks @loader_path/Frameworks";
				PRODUCT_BUNDLE_IDENTIFIER = com.Ssos.iSoBlocksTests;
				PRODUCT_NAME = "$(TARGET_NAME)";
				TEST_HOST = "$(BUILT_PRODUCTS_DIR)/iSoBlocks.app/iSoBlocks";
			};
			name = Release;
		};
		96492F581D318CE6004F887C /* Debug */ = {
			isa = XCBuildConfiguration;
			baseConfigurationReference = CBEC15D598098C1EAFA07FFA /* Pods-BloctorialsUITests.debug.xcconfig */;
			buildSettings = {
				DEBUG_INFORMATION_FORMAT = dwarf;
				INFOPLIST_FILE = iSoBlocksUITests/Info.plist;
				LD_RUNPATH_SEARCH_PATHS = "$(inherited) @executable_path/Frameworks @loader_path/Frameworks";
				PRODUCT_BUNDLE_IDENTIFIER = com.Ssos.iSoBlocksUITests;
				PRODUCT_NAME = "$(TARGET_NAME)";
				TEST_TARGET_NAME = iSoBlocks;
			};
			name = Debug;
		};
		96492F591D318CE6004F887C /* Release */ = {
			isa = XCBuildConfiguration;
			baseConfigurationReference = CE2484CD1572AC31C43778B8 /* Pods-BloctorialsUITests.release.xcconfig */;
			buildSettings = {
				INFOPLIST_FILE = iSoBlocksUITests/Info.plist;
				LD_RUNPATH_SEARCH_PATHS = "$(inherited) @executable_path/Frameworks @loader_path/Frameworks";
				PRODUCT_BUNDLE_IDENTIFIER = com.Ssos.iSoBlocksUITests;
				PRODUCT_NAME = "$(TARGET_NAME)";
				TEST_TARGET_NAME = iSoBlocks;
			};
			name = Release;
		};
/* End XCBuildConfiguration section */

/* Begin XCConfigurationList section */
		96492F201D318CE6004F887C /* Build configuration list for PBXProject "Bloctorials" */ = {
			isa = XCConfigurationList;
			buildConfigurations = (
				96492F4F1D318CE6004F887C /* Debug */,
				96492F501D318CE6004F887C /* Release */,
			);
			defaultConfigurationIsVisible = 0;
			defaultConfigurationName = Release;
		};
		96492F511D318CE6004F887C /* Build configuration list for PBXNativeTarget "Bloctorials" */ = {
			isa = XCConfigurationList;
			buildConfigurations = (
				96492F521D318CE6004F887C /* Debug */,
				96492F531D318CE6004F887C /* Release */,
			);
			defaultConfigurationIsVisible = 0;
			defaultConfigurationName = Release;
		};
		96492F541D318CE6004F887C /* Build configuration list for PBXNativeTarget "BloctorialsTests" */ = {
			isa = XCConfigurationList;
			buildConfigurations = (
				96492F551D318CE6004F887C /* Debug */,
				96492F561D318CE6004F887C /* Release */,
			);
			defaultConfigurationIsVisible = 0;
			defaultConfigurationName = Release;
		};
		96492F571D318CE6004F887C /* Build configuration list for PBXNativeTarget "BloctorialsUITests" */ = {
			isa = XCConfigurationList;
			buildConfigurations = (
				96492F581D318CE6004F887C /* Debug */,
				96492F591D318CE6004F887C /* Release */,
			);
			defaultConfigurationIsVisible = 0;
			defaultConfigurationName = Release;
		};
/* End XCConfigurationList section */
	};
	rootObject = 96492F1D1D318CE6004F887C /* Project object */;
}
